
Microsoft Visual Studio Solution File, Format Version 12.00
# Visual Studio Version 16
VisualStudioVersion = 16.0.30804.86
MinimumVisualStudioVersion = 10.0.40219.1
Project("{9A19103F-16F7-4668-BE54-9A1E7A4F7556}") = "Snippet 10.3", "Lab 07\Snippet 10.3.csproj", "{C368EECB-C29B-48C4-B01C-433E3ABB0264}"
EndProject
Project("{9A19103F-16F7-4668-BE54-9A1E7A4F7556}") = "Snippet 10.4", "Snippet 10.4\Snippet 10.4.csproj", "{7BB726D3-E779-43A2-8D9F-1075399DB78E}"
EndProject
Project("{9A19103F-16F7-4668-BE54-9A1E7A4F7556}") = "Snippet 10.6", "Snippet 10.6\Snippet 10.6.csproj", "{64AE71CA-E08A-447A-ABF7-A6523F0CFBE3}"
EndProject
Project("{9A19103F-16F7-4668-BE54-9A1E7A4F7556}") = "Snippet 10.9", "Snippet 10.9\Snippet 10.9.csproj", "{2FCF1506-508E-4A2A-8E2B-E18FC3FFF8B5}"
EndProject
Project("{9A19103F-16F7-4668-BE54-9A1E7A4F7556}") = "Snippet 10.10", "Snippet 10.10\Snippet 10.10.csproj", "{8A26FEE8-98D2-45EB-9091-BE8019A3985F}"
EndProject
Project("{9A19103F-16F7-4668-BE54-9A1E7A4F7556}") = "Snippet 10.13", "Snippet 10.13\Snippet 10.13.csproj", "{766A7E69-0213-4207-9D4E-158A201D6D1C}"
EndProject
Project("{9A19103F-16F7-4668-BE54-9A1E7A4F7556}") = "Snippet 10.14", "Snippet 10.14\Snippet 10.14.csproj", "{136666BA-79EA-4FC4-A305-0E6B7030CA56}"
EndProject
Project("{9A19103F-16F7-4668-BE54-9A1E7A4F7556}") = "Snippet 10.15", "Snippet 10.15\Snippet 10.15.csproj", "{970A0816-A8A4-40B7-8EE4-4804B1E3154C}"
EndProject
Project("{9A19103F-16F7-4668-BE54-9A1E7A4F7556}") = "Snippet 10.16", "Snippet 10.16\Snippet 10.16.csproj", "{74FA1725-CEFF-47AA-B4BC-F73AA02DBAF9}"
EndProject
Project("{9A19103F-16F7-4668-BE54-9A1E7A4F7556}") = "Snippet 10.17", "Snippet 10.17\Snippet 10.17.csproj", "{9A09512D-2415-4449-B5F8-05F457991055}"
EndProject
Project("{9A19103F-16F7-4668-BE54-9A1E7A4F7556}") = "Snippet 10.18", "Snippet 10.18\Snippet 10.18.csproj", "{653B7DAC-4F83-4D08-82C1-9B0DD4C6E0A9}"
EndProject
Project("{9A19103F-16F7-4668-BE54-9A1E7A4F7556}") = "Snippet 10.19", "Snippet 10.19\Snippet 10.19.csproj", "{C4DC4F35-20FE-44C2-B468-9B4FC62825EB}"
EndProject
Project("{9A19103F-16F7-4668-BE54-9A1E7A4F7556}") = "Snippet 10.20", "Snippet 10.20\Snippet 10.20.csproj", "{8C7E121C-B0BE-4F3A-9D48-FD128321273E}"
EndProject
Project("{9A19103F-16F7-4668-BE54-9A1E7A4F7556}") = "Snippet 10.21", "Snippet 10.21\Snippet 10.21.csproj", "{87441A4E-B63D-4892-B91D-83DC30902F72}"
EndProject
Project("{9A19103F-16F7-4668-BE54-9A1E7A4F7556}") = "Snippet 10.22", "Snippet 10.22\Snippet 10.22.csproj", "{9E9A397E-DC92-40F8-AACE-BDC093F5F573}"
EndProject
Project("{9A19103F-16F7-4668-BE54-9A1E7A4F7556}") = "Snippet 10.23", "Snippet 10.23\Snippet 10.23.csproj", "{14A873D6-AD75-44C1-93E0-0AC8B7CB8498}"
EndProject
Project("{9A19103F-16F7-4668-BE54-9A1E7A4F7556}") = "Snippet 10.24", "Snippet 10.24\Snippet 10.24.csproj", "{E676A84B-0CBE-4AA1-8D4C-511E0945B7BD}"
EndProject
Project("{9A19103F-16F7-4668-BE54-9A1E7A4F7556}") = "Snippet 10.25", "Snippet 10.25\Snippet 10.25.csproj", "{C7F4C2B5-57A0-42D9-8AA3-74ED77235952}"
EndProject
Project("{9A19103F-16F7-4668-BE54-9A1E7A4F7556}") = "Snippet 12.2", "Snippet 12.2\Snippet 12.2.csproj", "{B5D5237C-61B2-49AD-8DFC-B8E7D6532863}"
EndProject
Project("{9A19103F-16F7-4668-BE54-9A1E7A4F7556}") = "Snippet 12.3", "Snippet 12.3\Snippet 12.3.csproj", "{F27FF25B-DC53-4A99-93CA-DD2E27D69DA9}"
EndProject
Project("{9A19103F-16F7-4668-BE54-9A1E7A4F7556}") = "Snippet 12.4", "Snippet 12.4\Snippet 12.4.csproj", "{1904C314-F564-4B22-94E7-15DAC5855A89}"
EndProject
Project("{9A19103F-16F7-4668-BE54-9A1E7A4F7556}") = "Snippet 12.5", "Snippet 12.5\Snippet 12.5.csproj", "{764D470A-432D-4B5A-A11C-C80A03282899}"
EndProject
Project("{9A19103F-16F7-4668-BE54-9A1E7A4F7556}") = "Snippet 12.6", "Snippet 12.6\Snippet 12.6.csproj", "{640933EA-8093-4058-89E1-76023B1E9060}"
EndProject
Project("{9A19103F-16F7-4668-BE54-9A1E7A4F7556}") = "Snippet 12.8", "Snippet 12.8\Snippet 12.8.csproj", "{BA6BAA6A-75BB-48F7-9A60-6B61787FBFA2}"
EndProject
Project("{9A19103F-16F7-4668-BE54-9A1E7A4F7556}") = "Snippet 12.9", "Snippet 12.9\Snippet 12.9.csproj", "{DA90B29B-B06C-4650-925E-41949C526B21}"
EndProject
Project("{FAE04EC0-301F-11D3-BF4B-00C04F79EFBC}") = "Snippet 12.10", "Snippet 12.10\Snippet 12.10.csproj", "{A4102D32-8F58-400B-9C5D-DD49C7A8E250}"
EndProject
Project("{FAE04EC0-301F-11D3-BF4B-00C04F79EFBC}") = "Snippet 12.11", "Snippet 12.11\Snippet 12.11.csproj", "{45A3F133-B6F9-459C-8274-5578E4884D0C}"
EndProject
Project("{FAE04EC0-301F-11D3-BF4B-00C04F79EFBC}") = "Snippet 12.12", "Snippet 12.12\Snippet 12.12.csproj", "{58499A03-8F97-4E24-BDB4-5528B48865AD}"
EndProject
Project("{FAE04EC0-301F-11D3-BF4B-00C04F79EFBC}") = "Snippet 12.13", "Snippet 12.13\Snippet 12.13.csproj", "{6BD4B5A2-4D4E-4DBF-B26B-279E5B274D37}"
EndProject
Project("{FAE04EC0-301F-11D3-BF4B-00C04F79EFBC}") = "Snippet 12.14", "Snippet 12.14\Snippet 12.14.csproj", "{2A52E1FD-A310-4475-A4DB-43808170E57C}"
EndProject
Global
	GlobalSection(SolutionConfigurationPlatforms) = preSolution
		Debug|Any CPU = Debug|Any CPU
		Release|Any CPU = Release|Any CPU
	EndGlobalSection
	GlobalSection(ProjectConfigurationPlatforms) = postSolution
		{C368EECB-C29B-48C4-B01C-433E3ABB0264}.Debug|Any CPU.ActiveCfg = Debug|Any CPU
		{C368EECB-C29B-48C4-B01C-433E3ABB0264}.Debug|Any CPU.Build.0 = Debug|Any CPU
		{C368EECB-C29B-48C4-B01C-433E3ABB0264}.Release|Any CPU.ActiveCfg = Release|Any CPU
		{C368EECB-C29B-48C4-B01C-433E3ABB0264}.Release|Any CPU.Build.0 = Release|Any CPU
		{7BB726D3-E779-43A2-8D9F-1075399DB78E}.Debug|Any CPU.ActiveCfg = Debug|Any CPU
		{7BB726D3-E779-43A2-8D9F-1075399DB78E}.Debug|Any CPU.Build.0 = Debug|Any CPU
		{7BB726D3-E779-43A2-8D9F-1075399DB78E}.Release|Any CPU.ActiveCfg = Release|Any CPU
		{7BB726D3-E779-43A2-8D9F-1075399DB78E}.Release|Any CPU.Build.0 = Release|Any CPU
		{64AE71CA-E08A-447A-ABF7-A6523F0CFBE3}.Debug|Any CPU.ActiveCfg = Debug|Any CPU
		{64AE71CA-E08A-447A-ABF7-A6523F0CFBE3}.Debug|Any CPU.Build.0 = Debug|Any CPU
		{64AE71CA-E08A-447A-ABF7-A6523F0CFBE3}.Release|Any CPU.ActiveCfg = Release|Any CPU
		{64AE71CA-E08A-447A-ABF7-A6523F0CFBE3}.Release|Any CPU.Build.0 = Release|Any CPU
		{2FCF1506-508E-4A2A-8E2B-E18FC3FFF8B5}.Debug|Any CPU.ActiveCfg = Debug|Any CPU
		{2FCF1506-508E-4A2A-8E2B-E18FC3FFF8B5}.Debug|Any CPU.Build.0 = Debug|Any CPU
		{2FCF1506-508E-4A2A-8E2B-E18FC3FFF8B5}.Release|Any CPU.ActiveCfg = Release|Any CPU
		{2FCF1506-508E-4A2A-8E2B-E18FC3FFF8B5}.Release|Any CPU.Build.0 = Release|Any CPU
		{8A26FEE8-98D2-45EB-9091-BE8019A3985F}.Debug|Any CPU.ActiveCfg = Debug|Any CPU
		{8A26FEE8-98D2-45EB-9091-BE8019A3985F}.Debug|Any CPU.Build.0 = Debug|Any CPU
		{8A26FEE8-98D2-45EB-9091-BE8019A3985F}.Release|Any CPU.ActiveCfg = Release|Any CPU
		{8A26FEE8-98D2-45EB-9091-BE8019A3985F}.Release|Any CPU.Build.0 = Release|Any CPU
		{766A7E69-0213-4207-9D4E-158A201D6D1C}.Debug|Any CPU.ActiveCfg = Debug|Any CPU
		{766A7E69-0213-4207-9D4E-158A201D6D1C}.Debug|Any CPU.Build.0 = Debug|Any CPU
		{766A7E69-0213-4207-9D4E-158A201D6D1C}.Release|Any CPU.ActiveCfg = Release|Any CPU
		{766A7E69-0213-4207-9D4E-158A201D6D1C}.Release|Any CPU.Build.0 = Release|Any CPU
		{136666BA-79EA-4FC4-A305-0E6B7030CA56}.Debug|Any CPU.ActiveCfg = Debug|Any CPU
		{136666BA-79EA-4FC4-A305-0E6B7030CA56}.Debug|Any CPU.Build.0 = Debug|Any CPU
		{136666BA-79EA-4FC4-A305-0E6B7030CA56}.Release|Any CPU.ActiveCfg = Release|Any CPU
		{136666BA-79EA-4FC4-A305-0E6B7030CA56}.Release|Any CPU.Build.0 = Release|Any CPU
		{970A0816-A8A4-40B7-8EE4-4804B1E3154C}.Debug|Any CPU.ActiveCfg = Debug|Any CPU
		{970A0816-A8A4-40B7-8EE4-4804B1E3154C}.Debug|Any CPU.Build.0 = Debug|Any CPU
		{970A0816-A8A4-40B7-8EE4-4804B1E3154C}.Release|Any CPU.ActiveCfg = Release|Any CPU
		{970A0816-A8A4-40B7-8EE4-4804B1E3154C}.Release|Any CPU.Build.0 = Release|Any CPU
		{74FA1725-CEFF-47AA-B4BC-F73AA02DBAF9}.Debug|Any CPU.ActiveCfg = Debug|Any CPU
		{74FA1725-CEFF-47AA-B4BC-F73AA02DBAF9}.Debug|Any CPU.Build.0 = Debug|Any CPU
		{74FA1725-CEFF-47AA-B4BC-F73AA02DBAF9}.Release|Any CPU.ActiveCfg = Release|Any CPU
		{74FA1725-CEFF-47AA-B4BC-F73AA02DBAF9}.Release|Any CPU.Build.0 = Release|Any CPU
		{9A09512D-2415-4449-B5F8-05F457991055}.Debug|Any CPU.ActiveCfg = Debug|Any CPU
		{9A09512D-2415-4449-B5F8-05F457991055}.Debug|Any CPU.Build.0 = Debug|Any CPU
		{9A09512D-2415-4449-B5F8-05F457991055}.Release|Any CPU.ActiveCfg = Release|Any CPU
		{9A09512D-2415-4449-B5F8-05F457991055}.Release|Any CPU.Build.0 = Release|Any CPU
		{653B7DAC-4F83-4D08-82C1-9B0DD4C6E0A9}.Debug|Any CPU.ActiveCfg = Debug|Any CPU
		{653B7DAC-4F83-4D08-82C1-9B0DD4C6E0A9}.Debug|Any CPU.Build.0 = Debug|Any CPU
		{653B7DAC-4F83-4D08-82C1-9B0DD4C6E0A9}.Release|Any CPU.ActiveCfg = Release|Any CPU
		{653B7DAC-4F83-4D08-82C1-9B0DD4C6E0A9}.Release|Any CPU.Build.0 = Release|Any CPU
		{C4DC4F35-20FE-44C2-B468-9B4FC62825EB}.Debug|Any CPU.ActiveCfg = Debug|Any CPU
		{C4DC4F35-20FE-44C2-B468-9B4FC62825EB}.Debug|Any CPU.Build.0 = Debug|Any CPU
		{C4DC4F35-20FE-44C2-B468-9B4FC62825EB}.Release|Any CPU.ActiveCfg = Release|Any CPU
		{C4DC4F35-20FE-44C2-B468-9B4FC62825EB}.Release|Any CPU.Build.0 = Release|Any CPU
		{8C7E121C-B0BE-4F3A-9D48-FD128321273E}.Debug|Any CPU.ActiveCfg = Debug|Any CPU
		{8C7E121C-B0BE-4F3A-9D48-FD128321273E}.Debug|Any CPU.Build.0 = Debug|Any CPU
		{8C7E121C-B0BE-4F3A-9D48-FD128321273E}.Release|Any CPU.ActiveCfg = Release|Any CPU
		{8C7E121C-B0BE-4F3A-9D48-FD128321273E}.Release|Any CPU.Build.0 = Release|Any CPU
		{87441A4E-B63D-4892-B91D-83DC30902F72}.Debug|Any CPU.ActiveCfg = Debug|Any CPU
		{87441A4E-B63D-4892-B91D-83DC30902F72}.Debug|Any CPU.Build.0 = Debug|Any CPU
		{87441A4E-B63D-4892-B91D-83DC30902F72}.Release|Any CPU.ActiveCfg = Release|Any CPU
		{87441A4E-B63D-4892-B91D-83DC30902F72}.Release|Any CPU.Build.0 = Release|Any CPU
		{9E9A397E-DC92-40F8-AACE-BDC093F5F573}.Debug|Any CPU.ActiveCfg = Debug|Any CPU
		{9E9A397E-DC92-40F8-AACE-BDC093F5F573}.Debug|Any CPU.Build.0 = Debug|Any CPU
		{9E9A397E-DC92-40F8-AACE-BDC093F5F573}.Release|Any CPU.ActiveCfg = Release|Any CPU
		{9E9A397E-DC92-40F8-AACE-BDC093F5F573}.Release|Any CPU.Build.0 = Release|Any CPU
		{14A873D6-AD75-44C1-93E0-0AC8B7CB8498}.Debug|Any CPU.ActiveCfg = Debug|Any CPU
		{14A873D6-AD75-44C1-93E0-0AC8B7CB8498}.Debug|Any CPU.Build.0 = Debug|Any CPU
		{14A873D6-AD75-44C1-93E0-0AC8B7CB8498}.Release|Any CPU.ActiveCfg = Release|Any CPU
		{14A873D6-AD75-44C1-93E0-0AC8B7CB8498}.Release|Any CPU.Build.0 = Release|Any CPU
		{E676A84B-0CBE-4AA1-8D4C-511E0945B7BD}.Debug|Any CPU.ActiveCfg = Debug|Any CPU
		{E676A84B-0CBE-4AA1-8D4C-511E0945B7BD}.Debug|Any CPU.Build.0 = Debug|Any CPU
		{E676A84B-0CBE-4AA1-8D4C-511E0945B7BD}.Release|Any CPU.ActiveCfg = Release|Any CPU
		{E676A84B-0CBE-4AA1-8D4C-511E0945B7BD}.Release|Any CPU.Build.0 = Release|Any CPU
		{C7F4C2B5-57A0-42D9-8AA3-74ED77235952}.Debug|Any CPU.ActiveCfg = Debug|Any CPU
		{C7F4C2B5-57A0-42D9-8AA3-74ED77235952}.Debug|Any CPU.Build.0 = Debug|Any CPU
		{C7F4C2B5-57A0-42D9-8AA3-74ED77235952}.Release|Any CPU.ActiveCfg = Release|Any CPU
		{C7F4C2B5-57A0-42D9-8AA3-74ED77235952}.Release|Any CPU.Build.0 = Release|Any CPU
		{B5D5237C-61B2-49AD-8DFC-B8E7D6532863}.Debug|Any CPU.ActiveCfg = Debug|Any CPU
		{B5D5237C-61B2-49AD-8DFC-B8E7D6532863}.Debug|Any CPU.Build.0 = Debug|Any CPU
		{B5D5237C-61B2-49AD-8DFC-B8E7D6532863}.Release|Any CPU.ActiveCfg = Release|Any CPU
		{B5D5237C-61B2-49AD-8DFC-B8E7D6532863}.Release|Any CPU.Build.0 = Release|Any CPU
		{F27FF25B-DC53-4A99-93CA-DD2E27D69DA9}.Debug|Any CPU.ActiveCfg = Debug|Any CPU
		{F27FF25B-DC53-4A99-93CA-DD2E27D69DA9}.Debug|Any CPU.Build.0 = Debug|Any CPU
		{F27FF25B-DC53-4A99-93CA-DD2E27D69DA9}.Release|Any CPU.ActiveCfg = Release|Any CPU
		{F27FF25B-DC53-4A99-93CA-DD2E27D69DA9}.Release|Any CPU.Build.0 = Release|Any CPU
		{1904C314-F564-4B22-94E7-15DAC5855A89}.Debug|Any CPU.ActiveCfg = Debug|Any CPU
		{1904C314-F564-4B22-94E7-15DAC5855A89}.Debug|Any CPU.Build.0 = Debug|Any CPU
		{1904C314-F564-4B22-94E7-15DAC5855A89}.Release|Any CPU.ActiveCfg = Release|Any CPU
		{1904C314-F564-4B22-94E7-15DAC5855A89}.Release|Any CPU.Build.0 = Release|Any CPU
		{764D470A-432D-4B5A-A11C-C80A03282899}.Debug|Any CPU.ActiveCfg = Debug|Any CPU
		{764D470A-432D-4B5A-A11C-C80A03282899}.Debug|Any CPU.Build.0 = Debug|Any CPU
		{764D470A-432D-4B5A-A11C-C80A03282899}.Release|Any CPU.ActiveCfg = Release|Any CPU
		{764D470A-432D-4B5A-A11C-C80A03282899}.Release|Any CPU.Build.0 = Release|Any CPU
		{640933EA-8093-4058-89E1-76023B1E9060}.Debug|Any CPU.ActiveCfg = Debug|Any CPU
		{640933EA-8093-4058-89E1-76023B1E9060}.Debug|Any CPU.Build.0 = Debug|Any CPU
		{640933EA-8093-4058-89E1-76023B1E9060}.Release|Any CPU.ActiveCfg = Release|Any CPU
		{640933EA-8093-4058-89E1-76023B1E9060}.Release|Any CPU.Build.0 = Release|Any CPU
		{BA6BAA6A-75BB-48F7-9A60-6B61787FBFA2}.Debug|Any CPU.ActiveCfg = Debug|Any CPU
		{BA6BAA6A-75BB-48F7-9A60-6B61787FBFA2}.Debug|Any CPU.Build.0 = Debug|Any CPU
		{BA6BAA6A-75BB-48F7-9A60-6B61787FBFA2}.Release|Any CPU.ActiveCfg = Release|Any CPU
		{BA6BAA6A-75BB-48F7-9A60-6B61787FBFA2}.Release|Any CPU.Build.0 = Release|Any CPU
		{DA90B29B-B06C-4650-925E-41949C526B21}.Debug|Any CPU.ActiveCfg = Debug|Any CPU
		{DA90B29B-B06C-4650-925E-41949C526B21}.Debug|Any CPU.Build.0 = Debug|Any CPU
		{DA90B29B-B06C-4650-925E-41949C526B21}.Release|Any CPU.ActiveCfg = Release|Any CPU
		{DA90B29B-B06C-4650-925E-41949C526B21}.Release|Any CPU.Build.0 = Release|Any CPU
		{A4102D32-8F58-400B-9C5D-DD49C7A8E250}.Debug|Any CPU.ActiveCfg = Debug|Any CPU
		{A4102D32-8F58-400B-9C5D-DD49C7A8E250}.Debug|Any CPU.Build.0 = Debug|Any CPU
		{A4102D32-8F58-400B-9C5D-DD49C7A8E250}.Release|Any CPU.ActiveCfg = Release|Any CPU
		{A4102D32-8F58-400B-9C5D-DD49C7A8E250}.Release|Any CPU.Build.0 = Release|Any CPU
		{45A3F133-B6F9-459C-8274-5578E4884D0C}.Debug|Any CPU.ActiveCfg = Debug|Any CPU
		{45A3F133-B6F9-459C-8274-5578E4884D0C}.Debug|Any CPU.Build.0 = Debug|Any CPU
		{45A3F133-B6F9-459C-8274-5578E4884D0C}.Release|Any CPU.ActiveCfg = Release|Any CPU
		{45A3F133-B6F9-459C-8274-5578E4884D0C}.Release|Any CPU.Build.0 = Release|Any CPU
		{58499A03-8F97-4E24-BDB4-5528B48865AD}.Debug|Any CPU.ActiveCfg = Debug|Any CPU
		{58499A03-8F97-4E24-BDB4-5528B48865AD}.Debug|Any CPU.Build.0 = Debug|Any CPU
		{58499A03-8F97-4E24-BDB4-5528B48865AD}.Release|Any CPU.ActiveCfg = Release|Any CPU
		{58499A03-8F97-4E24-BDB4-5528B48865AD}.Release|Any CPU.Build.0 = Release|Any CPU
		{6BD4B5A2-4D4E-4DBF-B26B-279E5B274D37}.Debug|Any CPU.ActiveCfg = Debug|Any CPU
		{6BD4B5A2-4D4E-4DBF-B26B-279E5B274D37}.Debug|Any CPU.Build.0 = Debug|Any CPU
		{6BD4B5A2-4D4E-4DBF-B26B-279E5B274D37}.Release|Any CPU.ActiveCfg = Release|Any CPU
		{6BD4B5A2-4D4E-4DBF-B26B-279E5B274D37}.Release|Any CPU.Build.0 = Release|Any CPU
		{2A52E1FD-A310-4475-A4DB-43808170E57C}.Debug|Any CPU.ActiveCfg = Debug|Any CPU
		{2A52E1FD-A310-4475-A4DB-43808170E57C}.Debug|Any CPU.Build.0 = Debug|Any CPU
		{2A52E1FD-A310-4475-A4DB-43808170E57C}.Release|Any CPU.ActiveCfg = Release|Any CPU
		{2A52E1FD-A310-4475-A4DB-43808170E57C}.Release|Any CPU.Build.0 = Release|Any CPU
	EndGlobalSection
	GlobalSection(SolutionProperties) = preSolution
		HideSolutionNode = FALSE
	EndGlobalSection
	GlobalSection(ExtensibilityGlobals) = postSolution
		SolutionGuid = {E06A6500-895E-46E1-B26B-21309F161667}
	EndGlobalSection
EndGlobal
