
Microsoft Visual Studio Solution File, Format Version 12.00
# Visual Studio Version 16
VisualStudioVersion = 16.0.30804.86
MinimumVisualStudioVersion = 10.0.40219.1
Project("{FAE04EC0-301F-11D3-BF4B-00C04F79EFBC}") = "Snippet 1", "Snippet 1\Snippet 1.csproj", "{794070E6-8589-4D7E-8181-33D65585E337}"
EndProject
Project("{FAE04EC0-301F-11D3-BF4B-00C04F79EFBC}") = "Snippet 2", "Snippet 2\Snippet 2.csproj", "{3BBBFC1A-222D-4B8F-B713-6649F1981E77}"
EndProject
Project("{FAE04EC0-301F-11D3-BF4B-00C04F79EFBC}") = "Snippet 4", "Snippet 4\Snippet 4.csproj", "{28AD626B-5FA8-4F28-A7BB-46A8919EF670}"
EndProject
Project("{FAE04EC0-301F-11D3-BF4B-00C04F79EFBC}") = "Snippet 5", "Snippet 5\Snippet 5.csproj", "{FA8E8B48-F30C-4C1D-891F-F156A5340682}"
EndProject
Project("{FAE04EC0-301F-11D3-BF4B-00C04F79EFBC}") = "Snippet 6", "Snippet 6\Snippet 6.csproj", "{30D78709-48FF-4151-AEAF-2F9F150EA3A3}"
EndProject
Project("{FAE04EC0-301F-11D3-BF4B-00C04F79EFBC}") = "Snippet 7", "Snippet 7\Snippet 7.csproj", "{E536910D-A9CF-4118-A420-A7F38056364E}"
EndProject
Project("{FAE04EC0-301F-11D3-BF4B-00C04F79EFBC}") = "Snippet 8", "Snippet 8\Snippet 8.csproj", "{85DAF807-433D-43A4-BAA4-4ECCC6699292}"
EndProject
Project("{FAE04EC0-301F-11D3-BF4B-00C04F79EFBC}") = "Snippet 9", "Snippet 9\Snippet 9.csproj", "{C94678A6-2495-4A26-BC4E-2BD3EF2D7B6D}"
EndProject
Project("{FAE04EC0-301F-11D3-BF4B-00C04F79EFBC}") = "Snippet 10", "Snippet 10\Snippet 10.csproj", "{6CCB6452-CD6E-4355-9A7F-FD953FBF04F2}"
EndProject
Project("{FAE04EC0-301F-11D3-BF4B-00C04F79EFBC}") = "Snippet 11", "Snippet 11\Snippet 11.csproj", "{3F0C5259-1C20-4C0A-AD9D-D2FFEFBE646E}"
EndProject
Project("{FAE04EC0-301F-11D3-BF4B-00C04F79EFBC}") = "Snippet 12", "Snippet 12\Snippet 12.csproj", "{6788F90A-35F9-4069-9482-BB989BD419C0}"
EndProject
Project("{FAE04EC0-301F-11D3-BF4B-00C04F79EFBC}") = "Snippet 13", "Snippet 13\Snippet 13.csproj", "{A5902A89-F358-4025-B661-B75B4668162D}"
EndProject
Project("{FAE04EC0-301F-11D3-BF4B-00C04F79EFBC}") = "Snippet 14", "Snippet 14\Snippet 14.csproj", "{B3B1A4BC-7818-4650-9751-CA7CB437F9FA}"
EndProject
Project("{FAE04EC0-301F-11D3-BF4B-00C04F79EFBC}") = "Snippet 15", "Snippet 15\Snippet 15.csproj", "{34909EE8-2FFF-482F-8A16-610B47FAE666}"
EndProject
Project("{FAE04EC0-301F-11D3-BF4B-00C04F79EFBC}") = "Snippet 16", "Snippet 16\Snippet 16.csproj", "{B0B6534C-1BB6-4630-B0C3-3C8F7DE1BD2D}"
EndProject
Project("{FAE04EC0-301F-11D3-BF4B-00C04F79EFBC}") = "Snippet 17", "Snippet 17\Snippet 17.csproj", "{0A67253A-7C4F-4FF1-8628-FF8850D46020}"
EndProject
Project("{FAE04EC0-301F-11D3-BF4B-00C04F79EFBC}") = "Snippet 18", "Snippet 18\Snippet 18.csproj", "{945C6212-9980-45BA-95DC-18C9C1EA292E}"
EndProject
Project("{FAE04EC0-301F-11D3-BF4B-00C04F79EFBC}") = "Snippet 20", "Snippet 20\Snippet 20.csproj", "{24D99BCB-1981-494B-B78E-A89D4CBC107F}"
EndProject
Project("{FAE04EC0-301F-11D3-BF4B-00C04F79EFBC}") = "Snippet 21", "Snippet 21\Snippet 21.csproj", "{1219BAA1-A358-4901-9B86-13A0A3405F9C}"
EndProject
Project("{FAE04EC0-301F-11D3-BF4B-00C04F79EFBC}") = "Snippet 22", "Snippet 22\Snippet 22.csproj", "{A129FBD7-8A57-4713-BB86-7395159BECBC}"
EndProject
Project("{FAE04EC0-301F-11D3-BF4B-00C04F79EFBC}") = "Snippet 23", "Snippet 23\Snippet 23.csproj", "{15C9F325-3414-4136-A0CE-6ACE96D6A93A}"
EndProject
Project("{FAE04EC0-301F-11D3-BF4B-00C04F79EFBC}") = "Snippet 24", "Snippet 24\Snippet 24.csproj", "{09CB31FF-69AD-4214-AEB4-1D4023ADF34F}"
EndProject
Global
	GlobalSection(SolutionConfigurationPlatforms) = preSolution
		Debug|Any CPU = Debug|Any CPU
		Release|Any CPU = Release|Any CPU
	EndGlobalSection
	GlobalSection(ProjectConfigurationPlatforms) = postSolution
		{794070E6-8589-4D7E-8181-33D65585E337}.Debug|Any CPU.ActiveCfg = Debug|Any CPU
		{794070E6-8589-4D7E-8181-33D65585E337}.Debug|Any CPU.Build.0 = Debug|Any CPU
		{794070E6-8589-4D7E-8181-33D65585E337}.Release|Any CPU.ActiveCfg = Release|Any CPU
		{794070E6-8589-4D7E-8181-33D65585E337}.Release|Any CPU.Build.0 = Release|Any CPU
		{3BBBFC1A-222D-4B8F-B713-6649F1981E77}.Debug|Any CPU.ActiveCfg = Debug|Any CPU
		{3BBBFC1A-222D-4B8F-B713-6649F1981E77}.Debug|Any CPU.Build.0 = Debug|Any CPU
		{3BBBFC1A-222D-4B8F-B713-6649F1981E77}.Release|Any CPU.ActiveCfg = Release|Any CPU
		{3BBBFC1A-222D-4B8F-B713-6649F1981E77}.Release|Any CPU.Build.0 = Release|Any CPU
		{28AD626B-5FA8-4F28-A7BB-46A8919EF670}.Debug|Any CPU.ActiveCfg = Debug|Any CPU
		{28AD626B-5FA8-4F28-A7BB-46A8919EF670}.Debug|Any CPU.Build.0 = Debug|Any CPU
		{28AD626B-5FA8-4F28-A7BB-46A8919EF670}.Release|Any CPU.ActiveCfg = Release|Any CPU
		{28AD626B-5FA8-4F28-A7BB-46A8919EF670}.Release|Any CPU.Build.0 = Release|Any CPU
		{FA8E8B48-F30C-4C1D-891F-F156A5340682}.Debug|Any CPU.ActiveCfg = Debug|Any CPU
		{FA8E8B48-F30C-4C1D-891F-F156A5340682}.Debug|Any CPU.Build.0 = Debug|Any CPU
		{FA8E8B48-F30C-4C1D-891F-F156A5340682}.Release|Any CPU.ActiveCfg = Release|Any CPU
		{FA8E8B48-F30C-4C1D-891F-F156A5340682}.Release|Any CPU.Build.0 = Release|Any CPU
		{30D78709-48FF-4151-AEAF-2F9F150EA3A3}.Debug|Any CPU.ActiveCfg = Debug|Any CPU
		{30D78709-48FF-4151-AEAF-2F9F150EA3A3}.Debug|Any CPU.Build.0 = Debug|Any CPU
		{30D78709-48FF-4151-AEAF-2F9F150EA3A3}.Release|Any CPU.ActiveCfg = Release|Any CPU
		{30D78709-48FF-4151-AEAF-2F9F150EA3A3}.Release|Any CPU.Build.0 = Release|Any CPU
		{E536910D-A9CF-4118-A420-A7F38056364E}.Debug|Any CPU.ActiveCfg = Debug|Any CPU
		{E536910D-A9CF-4118-A420-A7F38056364E}.Debug|Any CPU.Build.0 = Debug|Any CPU
		{E536910D-A9CF-4118-A420-A7F38056364E}.Release|Any CPU.ActiveCfg = Release|Any CPU
		{E536910D-A9CF-4118-A420-A7F38056364E}.Release|Any CPU.Build.0 = Release|Any CPU
		{85DAF807-433D-43A4-BAA4-4ECCC6699292}.Debug|Any CPU.ActiveCfg = Debug|Any CPU
		{85DAF807-433D-43A4-BAA4-4ECCC6699292}.Debug|Any CPU.Build.0 = Debug|Any CPU
		{85DAF807-433D-43A4-BAA4-4ECCC6699292}.Release|Any CPU.ActiveCfg = Release|Any CPU
		{85DAF807-433D-43A4-BAA4-4ECCC6699292}.Release|Any CPU.Build.0 = Release|Any CPU
		{C94678A6-2495-4A26-BC4E-2BD3EF2D7B6D}.Debug|Any CPU.ActiveCfg = Debug|Any CPU
		{C94678A6-2495-4A26-BC4E-2BD3EF2D7B6D}.Debug|Any CPU.Build.0 = Debug|Any CPU
		{C94678A6-2495-4A26-BC4E-2BD3EF2D7B6D}.Release|Any CPU.ActiveCfg = Release|Any CPU
		{C94678A6-2495-4A26-BC4E-2BD3EF2D7B6D}.Release|Any CPU.Build.0 = Release|Any CPU
		{6CCB6452-CD6E-4355-9A7F-FD953FBF04F2}.Debug|Any CPU.ActiveCfg = Debug|Any CPU
		{6CCB6452-CD6E-4355-9A7F-FD953FBF04F2}.Debug|Any CPU.Build.0 = Debug|Any CPU
		{6CCB6452-CD6E-4355-9A7F-FD953FBF04F2}.Release|Any CPU.ActiveCfg = Release|Any CPU
		{6CCB6452-CD6E-4355-9A7F-FD953FBF04F2}.Release|Any CPU.Build.0 = Release|Any CPU
		{3F0C5259-1C20-4C0A-AD9D-D2FFEFBE646E}.Debug|Any CPU.ActiveCfg = Debug|Any CPU
		{3F0C5259-1C20-4C0A-AD9D-D2FFEFBE646E}.Debug|Any CPU.Build.0 = Debug|Any CPU
		{3F0C5259-1C20-4C0A-AD9D-D2FFEFBE646E}.Release|Any CPU.ActiveCfg = Release|Any CPU
		{3F0C5259-1C20-4C0A-AD9D-D2FFEFBE646E}.Release|Any CPU.Build.0 = Release|Any CPU
		{6788F90A-35F9-4069-9482-BB989BD419C0}.Debug|Any CPU.ActiveCfg = Debug|Any CPU
		{6788F90A-35F9-4069-9482-BB989BD419C0}.Debug|Any CPU.Build.0 = Debug|Any CPU
		{6788F90A-35F9-4069-9482-BB989BD419C0}.Release|Any CPU.ActiveCfg = Release|Any CPU
		{6788F90A-35F9-4069-9482-BB989BD419C0}.Release|Any CPU.Build.0 = Release|Any CPU
		{A5902A89-F358-4025-B661-B75B4668162D}.Debug|Any CPU.ActiveCfg = Debug|Any CPU
		{A5902A89-F358-4025-B661-B75B4668162D}.Debug|Any CPU.Build.0 = Debug|Any CPU
		{A5902A89-F358-4025-B661-B75B4668162D}.Release|Any CPU.ActiveCfg = Release|Any CPU
		{A5902A89-F358-4025-B661-B75B4668162D}.Release|Any CPU.Build.0 = Release|Any CPU
		{B3B1A4BC-7818-4650-9751-CA7CB437F9FA}.Debug|Any CPU.ActiveCfg = Debug|Any CPU
		{B3B1A4BC-7818-4650-9751-CA7CB437F9FA}.Debug|Any CPU.Build.0 = Debug|Any CPU
		{B3B1A4BC-7818-4650-9751-CA7CB437F9FA}.Release|Any CPU.ActiveCfg = Release|Any CPU
		{B3B1A4BC-7818-4650-9751-CA7CB437F9FA}.Release|Any CPU.Build.0 = Release|Any CPU
		{34909EE8-2FFF-482F-8A16-610B47FAE666}.Debug|Any CPU.ActiveCfg = Debug|Any CPU
		{34909EE8-2FFF-482F-8A16-610B47FAE666}.Debug|Any CPU.Build.0 = Debug|Any CPU
		{34909EE8-2FFF-482F-8A16-610B47FAE666}.Release|Any CPU.ActiveCfg = Release|Any CPU
		{34909EE8-2FFF-482F-8A16-610B47FAE666}.Release|Any CPU.Build.0 = Release|Any CPU
		{B0B6534C-1BB6-4630-B0C3-3C8F7DE1BD2D}.Debug|Any CPU.ActiveCfg = Debug|Any CPU
		{B0B6534C-1BB6-4630-B0C3-3C8F7DE1BD2D}.Debug|Any CPU.Build.0 = Debug|Any CPU
		{B0B6534C-1BB6-4630-B0C3-3C8F7DE1BD2D}.Release|Any CPU.ActiveCfg = Release|Any CPU
		{B0B6534C-1BB6-4630-B0C3-3C8F7DE1BD2D}.Release|Any CPU.Build.0 = Release|Any CPU
		{0A67253A-7C4F-4FF1-8628-FF8850D46020}.Debug|Any CPU.ActiveCfg = Debug|Any CPU
		{0A67253A-7C4F-4FF1-8628-FF8850D46020}.Debug|Any CPU.Build.0 = Debug|Any CPU
		{0A67253A-7C4F-4FF1-8628-FF8850D46020}.Release|Any CPU.ActiveCfg = Release|Any CPU
		{0A67253A-7C4F-4FF1-8628-FF8850D46020}.Release|Any CPU.Build.0 = Release|Any CPU
		{945C6212-9980-45BA-95DC-18C9C1EA292E}.Debug|Any CPU.ActiveCfg = Debug|Any CPU
		{945C6212-9980-45BA-95DC-18C9C1EA292E}.Debug|Any CPU.Build.0 = Debug|Any CPU
		{945C6212-9980-45BA-95DC-18C9C1EA292E}.Release|Any CPU.ActiveCfg = Release|Any CPU
		{945C6212-9980-45BA-95DC-18C9C1EA292E}.Release|Any CPU.Build.0 = Release|Any CPU
		{24D99BCB-1981-494B-B78E-A89D4CBC107F}.Debug|Any CPU.ActiveCfg = Debug|Any CPU
		{24D99BCB-1981-494B-B78E-A89D4CBC107F}.Debug|Any CPU.Build.0 = Debug|Any CPU
		{24D99BCB-1981-494B-B78E-A89D4CBC107F}.Release|Any CPU.ActiveCfg = Release|Any CPU
		{24D99BCB-1981-494B-B78E-A89D4CBC107F}.Release|Any CPU.Build.0 = Release|Any CPU
		{1219BAA1-A358-4901-9B86-13A0A3405F9C}.Debug|Any CPU.ActiveCfg = Debug|Any CPU
		{1219BAA1-A358-4901-9B86-13A0A3405F9C}.Debug|Any CPU.Build.0 = Debug|Any CPU
		{1219BAA1-A358-4901-9B86-13A0A3405F9C}.Release|Any CPU.ActiveCfg = Release|Any CPU
		{1219BAA1-A358-4901-9B86-13A0A3405F9C}.Release|Any CPU.Build.0 = Release|Any CPU
		{A129FBD7-8A57-4713-BB86-7395159BECBC}.Debug|Any CPU.ActiveCfg = Debug|Any CPU
		{A129FBD7-8A57-4713-BB86-7395159BECBC}.Debug|Any CPU.Build.0 = Debug|Any CPU
		{A129FBD7-8A57-4713-BB86-7395159BECBC}.Release|Any CPU.ActiveCfg = Release|Any CPU
		{A129FBD7-8A57-4713-BB86-7395159BECBC}.Release|Any CPU.Build.0 = Release|Any CPU
		{15C9F325-3414-4136-A0CE-6ACE96D6A93A}.Debug|Any CPU.ActiveCfg = Debug|Any CPU
		{15C9F325-3414-4136-A0CE-6ACE96D6A93A}.Debug|Any CPU.Build.0 = Debug|Any CPU
		{15C9F325-3414-4136-A0CE-6ACE96D6A93A}.Release|Any CPU.ActiveCfg = Release|Any CPU
		{15C9F325-3414-4136-A0CE-6ACE96D6A93A}.Release|Any CPU.Build.0 = Release|Any CPU
		{09CB31FF-69AD-4214-AEB4-1D4023ADF34F}.Debug|Any CPU.ActiveCfg = Debug|Any CPU
		{09CB31FF-69AD-4214-AEB4-1D4023ADF34F}.Debug|Any CPU.Build.0 = Debug|Any CPU
		{09CB31FF-69AD-4214-AEB4-1D4023ADF34F}.Release|Any CPU.ActiveCfg = Release|Any CPU
		{09CB31FF-69AD-4214-AEB4-1D4023ADF34F}.Release|Any CPU.Build.0 = Release|Any CPU
	EndGlobalSection
	GlobalSection(SolutionProperties) = preSolution
		HideSolutionNode = FALSE
	EndGlobalSection
	GlobalSection(ExtensibilityGlobals) = postSolution
		SolutionGuid = {070BD56A-1A7D-4F72-90CC-BD483E338023}
	EndGlobalSection
EndGlobal
