
Microsoft Visual Studio Solution File, Format Version 12.00
# Visual Studio Version 16
VisualStudioVersion = 16.0.30804.86
MinimumVisualStudioVersion = 10.0.40219.1
Project("{9A19103F-16F7-4668-BE54-9A1E7A4F7556}") = "Snippet 1", "Snippet 1\Snippet 1.csproj", "{0404740C-F085-41ED-8A68-5AA2396DC5E5}"
EndProject
Project("{9A19103F-16F7-4668-BE54-9A1E7A4F7556}") = "Snippet 2", "Snippet 2\Snippet 2.csproj", "{361EDB0F-22AA-432F-9370-6FE46497E0D2}"
EndProject
Project("{9A19103F-16F7-4668-BE54-9A1E7A4F7556}") = "Snippet 3", "Snippet 3\Snippet 3.csproj", "{F48C254F-AB67-43B8-A4AC-9C774A89A2F6}"
EndProject
Project("{9A19103F-16F7-4668-BE54-9A1E7A4F7556}") = "Snippet 4", "Snippet 4\Snippet 4.csproj", "{726DBEF6-76FB-49B3-B792-8E20DDC9BE93}"
EndProject
Project("{9A19103F-16F7-4668-BE54-9A1E7A4F7556}") = "Snippet 5", "Snippet 5\Snippet 5.csproj", "{57CBB2A7-198E-41BE-B40B-0BA1D25EEC5F}"
EndProject
Project("{9A19103F-16F7-4668-BE54-9A1E7A4F7556}") = "Snippet 6", "Snippet 6\Snippet 6.csproj", "{4A65E1BE-C39C-4766-AF97-270EA0835C31}"
EndProject
Project("{FAE04EC0-301F-11D3-BF4B-00C04F79EFBC}") = "Snippet 7", "Snippet 7\Snippet 7.csproj", "{6457DF3E-9E89-4DC9-B010-6F7BFDD2095C}"
EndProject
Project("{FAE04EC0-301F-11D3-BF4B-00C04F79EFBC}") = "Snippet 8", "Snippet 8\Snippet 8.csproj", "{C64734A4-5D30-4298-8126-9B9AE0318143}"
EndProject
Project("{FAE04EC0-301F-11D3-BF4B-00C04F79EFBC}") = "Snippet 9", "Snippet 9\Snippet 9.csproj", "{CE7752AA-2EE9-4F76-8144-D77112AB42FD}"
EndProject
Project("{FAE04EC0-301F-11D3-BF4B-00C04F79EFBC}") = "Snippet 10", "Snippet 10\Snippet 10.csproj", "{5D030E5A-1B51-478C-9DDF-E35A19B213EB}"
EndProject
Project("{FAE04EC0-301F-11D3-BF4B-00C04F79EFBC}") = "Snippet 11", "Snippet 11\Snippet 11.csproj", "{96343241-1328-4604-B1A3-46F764E18248}"
EndProject
Project("{FAE04EC0-301F-11D3-BF4B-00C04F79EFBC}") = "Snippet 12", "Snippet 12\Snippet 12.csproj", "{6DDCDC90-489D-4060-BE80-E29291ECD88A}"
EndProject
Project("{FAE04EC0-301F-11D3-BF4B-00C04F79EFBC}") = "Snippet 13", "Snippet 13\Snippet 13.csproj", "{20A71D1B-012F-42D9-99F5-BE2A3F57285B}"
EndProject
Project("{FAE04EC0-301F-11D3-BF4B-00C04F79EFBC}") = "Snippet 14", "Snippet 14\Snippet 14.csproj", "{7A7B0BB0-208C-45A9-AC2F-9DEB931B9714}"
EndProject
Project("{FAE04EC0-301F-11D3-BF4B-00C04F79EFBC}") = "Snippet 15", "Snippet 15\Snippet 15.csproj", "{EDDC3221-9C54-4B21-BED3-B7405A33ACC4}"
EndProject
Project("{FAE04EC0-301F-11D3-BF4B-00C04F79EFBC}") = "Snippet 16", "Snippet 16\Snippet 16.csproj", "{266BE57E-7FBD-4C89-B24E-C25DF7EF05AA}"
EndProject
Project("{FAE04EC0-301F-11D3-BF4B-00C04F79EFBC}") = "Snippet 17", "Snippet 17\Snippet 17.csproj", "{3BF2E555-B6F3-4B39-A5A8-D38D395706D3}"
EndProject
Project("{FAE04EC0-301F-11D3-BF4B-00C04F79EFBC}") = "Snippet 18", "Snippet 18\Snippet 18.csproj", "{8A5D9F27-D212-41C8-850B-DD1484091FEC}"
EndProject
Project("{FAE04EC0-301F-11D3-BF4B-00C04F79EFBC}") = "Snippet 19", "Snippet 19\Snippet 19.csproj", "{7A29F535-C36D-4EEE-988D-85527E38592E}"
EndProject
Project("{FAE04EC0-301F-11D3-BF4B-00C04F79EFBC}") = "Snippet 20", "Snippet 20\Snippet 20.csproj", "{6A120FF4-EE51-4264-865F-2A25BE753766}"
EndProject
Project("{FAE04EC0-301F-11D3-BF4B-00C04F79EFBC}") = "Snippet 21", "Snippet 21\Snippet 21.csproj", "{2C93EBD6-D13B-48BE-858E-606FAB51AC62}"
EndProject
Global
	GlobalSection(SolutionConfigurationPlatforms) = preSolution
		Debug|Any CPU = Debug|Any CPU
		Release|Any CPU = Release|Any CPU
	EndGlobalSection
	GlobalSection(ProjectConfigurationPlatforms) = postSolution
		{0404740C-F085-41ED-8A68-5AA2396DC5E5}.Debug|Any CPU.ActiveCfg = Debug|Any CPU
		{0404740C-F085-41ED-8A68-5AA2396DC5E5}.Debug|Any CPU.Build.0 = Debug|Any CPU
		{0404740C-F085-41ED-8A68-5AA2396DC5E5}.Release|Any CPU.ActiveCfg = Release|Any CPU
		{0404740C-F085-41ED-8A68-5AA2396DC5E5}.Release|Any CPU.Build.0 = Release|Any CPU
		{361EDB0F-22AA-432F-9370-6FE46497E0D2}.Debug|Any CPU.ActiveCfg = Debug|Any CPU
		{361EDB0F-22AA-432F-9370-6FE46497E0D2}.Debug|Any CPU.Build.0 = Debug|Any CPU
		{361EDB0F-22AA-432F-9370-6FE46497E0D2}.Release|Any CPU.ActiveCfg = Release|Any CPU
		{361EDB0F-22AA-432F-9370-6FE46497E0D2}.Release|Any CPU.Build.0 = Release|Any CPU
		{F48C254F-AB67-43B8-A4AC-9C774A89A2F6}.Debug|Any CPU.ActiveCfg = Debug|Any CPU
		{F48C254F-AB67-43B8-A4AC-9C774A89A2F6}.Debug|Any CPU.Build.0 = Debug|Any CPU
		{F48C254F-AB67-43B8-A4AC-9C774A89A2F6}.Release|Any CPU.ActiveCfg = Release|Any CPU
		{F48C254F-AB67-43B8-A4AC-9C774A89A2F6}.Release|Any CPU.Build.0 = Release|Any CPU
		{726DBEF6-76FB-49B3-B792-8E20DDC9BE93}.Debug|Any CPU.ActiveCfg = Debug|Any CPU
		{726DBEF6-76FB-49B3-B792-8E20DDC9BE93}.Debug|Any CPU.Build.0 = Debug|Any CPU
		{726DBEF6-76FB-49B3-B792-8E20DDC9BE93}.Release|Any CPU.ActiveCfg = Release|Any CPU
		{726DBEF6-76FB-49B3-B792-8E20DDC9BE93}.Release|Any CPU.Build.0 = Release|Any CPU
		{57CBB2A7-198E-41BE-B40B-0BA1D25EEC5F}.Debug|Any CPU.ActiveCfg = Debug|Any CPU
		{57CBB2A7-198E-41BE-B40B-0BA1D25EEC5F}.Debug|Any CPU.Build.0 = Debug|Any CPU
		{57CBB2A7-198E-41BE-B40B-0BA1D25EEC5F}.Release|Any CPU.ActiveCfg = Release|Any CPU
		{57CBB2A7-198E-41BE-B40B-0BA1D25EEC5F}.Release|Any CPU.Build.0 = Release|Any CPU
		{4A65E1BE-C39C-4766-AF97-270EA0835C31}.Debug|Any CPU.ActiveCfg = Debug|Any CPU
		{4A65E1BE-C39C-4766-AF97-270EA0835C31}.Debug|Any CPU.Build.0 = Debug|Any CPU
		{4A65E1BE-C39C-4766-AF97-270EA0835C31}.Release|Any CPU.ActiveCfg = Release|Any CPU
		{4A65E1BE-C39C-4766-AF97-270EA0835C31}.Release|Any CPU.Build.0 = Release|Any CPU
		{6457DF3E-9E89-4DC9-B010-6F7BFDD2095C}.Debug|Any CPU.ActiveCfg = Debug|Any CPU
		{6457DF3E-9E89-4DC9-B010-6F7BFDD2095C}.Debug|Any CPU.Build.0 = Debug|Any CPU
		{6457DF3E-9E89-4DC9-B010-6F7BFDD2095C}.Release|Any CPU.ActiveCfg = Release|Any CPU
		{6457DF3E-9E89-4DC9-B010-6F7BFDD2095C}.Release|Any CPU.Build.0 = Release|Any CPU
		{C64734A4-5D30-4298-8126-9B9AE0318143}.Debug|Any CPU.ActiveCfg = Debug|Any CPU
		{C64734A4-5D30-4298-8126-9B9AE0318143}.Debug|Any CPU.Build.0 = Debug|Any CPU
		{C64734A4-5D30-4298-8126-9B9AE0318143}.Release|Any CPU.ActiveCfg = Release|Any CPU
		{C64734A4-5D30-4298-8126-9B9AE0318143}.Release|Any CPU.Build.0 = Release|Any CPU
		{CE7752AA-2EE9-4F76-8144-D77112AB42FD}.Debug|Any CPU.ActiveCfg = Debug|Any CPU
		{CE7752AA-2EE9-4F76-8144-D77112AB42FD}.Debug|Any CPU.Build.0 = Debug|Any CPU
		{CE7752AA-2EE9-4F76-8144-D77112AB42FD}.Release|Any CPU.ActiveCfg = Release|Any CPU
		{CE7752AA-2EE9-4F76-8144-D77112AB42FD}.Release|Any CPU.Build.0 = Release|Any CPU
		{5D030E5A-1B51-478C-9DDF-E35A19B213EB}.Debug|Any CPU.ActiveCfg = Debug|Any CPU
		{5D030E5A-1B51-478C-9DDF-E35A19B213EB}.Debug|Any CPU.Build.0 = Debug|Any CPU
		{5D030E5A-1B51-478C-9DDF-E35A19B213EB}.Release|Any CPU.ActiveCfg = Release|Any CPU
		{5D030E5A-1B51-478C-9DDF-E35A19B213EB}.Release|Any CPU.Build.0 = Release|Any CPU
		{96343241-1328-4604-B1A3-46F764E18248}.Debug|Any CPU.ActiveCfg = Debug|Any CPU
		{96343241-1328-4604-B1A3-46F764E18248}.Debug|Any CPU.Build.0 = Debug|Any CPU
		{96343241-1328-4604-B1A3-46F764E18248}.Release|Any CPU.ActiveCfg = Release|Any CPU
		{96343241-1328-4604-B1A3-46F764E18248}.Release|Any CPU.Build.0 = Release|Any CPU
		{6DDCDC90-489D-4060-BE80-E29291ECD88A}.Debug|Any CPU.ActiveCfg = Debug|Any CPU
		{6DDCDC90-489D-4060-BE80-E29291ECD88A}.Debug|Any CPU.Build.0 = Debug|Any CPU
		{6DDCDC90-489D-4060-BE80-E29291ECD88A}.Release|Any CPU.ActiveCfg = Release|Any CPU
		{6DDCDC90-489D-4060-BE80-E29291ECD88A}.Release|Any CPU.Build.0 = Release|Any CPU
		{20A71D1B-012F-42D9-99F5-BE2A3F57285B}.Debug|Any CPU.ActiveCfg = Debug|Any CPU
		{20A71D1B-012F-42D9-99F5-BE2A3F57285B}.Debug|Any CPU.Build.0 = Debug|Any CPU
		{20A71D1B-012F-42D9-99F5-BE2A3F57285B}.Release|Any CPU.ActiveCfg = Release|Any CPU
		{20A71D1B-012F-42D9-99F5-BE2A3F57285B}.Release|Any CPU.Build.0 = Release|Any CPU
		{7A7B0BB0-208C-45A9-AC2F-9DEB931B9714}.Debug|Any CPU.ActiveCfg = Debug|Any CPU
		{7A7B0BB0-208C-45A9-AC2F-9DEB931B9714}.Debug|Any CPU.Build.0 = Debug|Any CPU
		{7A7B0BB0-208C-45A9-AC2F-9DEB931B9714}.Release|Any CPU.ActiveCfg = Release|Any CPU
		{7A7B0BB0-208C-45A9-AC2F-9DEB931B9714}.Release|Any CPU.Build.0 = Release|Any CPU
		{EDDC3221-9C54-4B21-BED3-B7405A33ACC4}.Debug|Any CPU.ActiveCfg = Debug|Any CPU
		{EDDC3221-9C54-4B21-BED3-B7405A33ACC4}.Debug|Any CPU.Build.0 = Debug|Any CPU
		{EDDC3221-9C54-4B21-BED3-B7405A33ACC4}.Release|Any CPU.ActiveCfg = Release|Any CPU
		{EDDC3221-9C54-4B21-BED3-B7405A33ACC4}.Release|Any CPU.Build.0 = Release|Any CPU
		{266BE57E-7FBD-4C89-B24E-C25DF7EF05AA}.Debug|Any CPU.ActiveCfg = Debug|Any CPU
		{266BE57E-7FBD-4C89-B24E-C25DF7EF05AA}.Debug|Any CPU.Build.0 = Debug|Any CPU
		{266BE57E-7FBD-4C89-B24E-C25DF7EF05AA}.Release|Any CPU.ActiveCfg = Release|Any CPU
		{266BE57E-7FBD-4C89-B24E-C25DF7EF05AA}.Release|Any CPU.Build.0 = Release|Any CPU
		{3BF2E555-B6F3-4B39-A5A8-D38D395706D3}.Debug|Any CPU.ActiveCfg = Debug|Any CPU
		{3BF2E555-B6F3-4B39-A5A8-D38D395706D3}.Debug|Any CPU.Build.0 = Debug|Any CPU
		{3BF2E555-B6F3-4B39-A5A8-D38D395706D3}.Release|Any CPU.ActiveCfg = Release|Any CPU
		{3BF2E555-B6F3-4B39-A5A8-D38D395706D3}.Release|Any CPU.Build.0 = Release|Any CPU
		{8A5D9F27-D212-41C8-850B-DD1484091FEC}.Debug|Any CPU.ActiveCfg = Debug|Any CPU
		{8A5D9F27-D212-41C8-850B-DD1484091FEC}.Debug|Any CPU.Build.0 = Debug|Any CPU
		{8A5D9F27-D212-41C8-850B-DD1484091FEC}.Release|Any CPU.ActiveCfg = Release|Any CPU
		{8A5D9F27-D212-41C8-850B-DD1484091FEC}.Release|Any CPU.Build.0 = Release|Any CPU
		{7A29F535-C36D-4EEE-988D-85527E38592E}.Debug|Any CPU.ActiveCfg = Debug|Any CPU
		{7A29F535-C36D-4EEE-988D-85527E38592E}.Debug|Any CPU.Build.0 = Debug|Any CPU
		{7A29F535-C36D-4EEE-988D-85527E38592E}.Release|Any CPU.ActiveCfg = Release|Any CPU
		{7A29F535-C36D-4EEE-988D-85527E38592E}.Release|Any CPU.Build.0 = Release|Any CPU
		{6A120FF4-EE51-4264-865F-2A25BE753766}.Debug|Any CPU.ActiveCfg = Debug|Any CPU
		{6A120FF4-EE51-4264-865F-2A25BE753766}.Debug|Any CPU.Build.0 = Debug|Any CPU
		{6A120FF4-EE51-4264-865F-2A25BE753766}.Release|Any CPU.ActiveCfg = Release|Any CPU
		{6A120FF4-EE51-4264-865F-2A25BE753766}.Release|Any CPU.Build.0 = Release|Any CPU
		{2C93EBD6-D13B-48BE-858E-606FAB51AC62}.Debug|Any CPU.ActiveCfg = Debug|Any CPU
		{2C93EBD6-D13B-48BE-858E-606FAB51AC62}.Debug|Any CPU.Build.0 = Debug|Any CPU
		{2C93EBD6-D13B-48BE-858E-606FAB51AC62}.Release|Any CPU.ActiveCfg = Release|Any CPU
		{2C93EBD6-D13B-48BE-858E-606FAB51AC62}.Release|Any CPU.Build.0 = Release|Any CPU
	EndGlobalSection
	GlobalSection(SolutionProperties) = preSolution
		HideSolutionNode = FALSE
	EndGlobalSection
	GlobalSection(ExtensibilityGlobals) = postSolution
		SolutionGuid = {47284FFC-EB05-4D2D-A790-107FB02B0AFE}
	EndGlobalSection
EndGlobal
