
Microsoft Visual Studio Solution File, Format Version 12.00
# Visual Studio Version 16
VisualStudioVersion = 16.0.30804.86
MinimumVisualStudioVersion = 10.0.40219.1
Project("{9A19103F-16F7-4668-BE54-9A1E7A4F7556}") = "Snippet 1", "Snippet 1\Snippet 1.csproj", "{D15D1561-4FDA-4BFC-94D5-338D2831B6CA}"
EndProject
Project("{9A19103F-16F7-4668-BE54-9A1E7A4F7556}") = "Snippet 2", "Snippet 2\Snippet 2.csproj", "{A2A6FB8A-6C16-4BB4-92E3-258C68476EBF}"
EndProject
Project("{9A19103F-16F7-4668-BE54-9A1E7A4F7556}") = "Snippet 3", "Snippet 3\Snippet 3.csproj", "{934FF083-FE24-4057-9222-7521493944E8}"
EndProject
Project("{9A19103F-16F7-4668-BE54-9A1E7A4F7556}") = "Snippet 4", "Snippet 4\Snippet 4.csproj", "{E3E7F576-B69B-426B-AB87-BD780B1EBCDD}"
EndProject
Project("{9A19103F-16F7-4668-BE54-9A1E7A4F7556}") = "Snippet 5", "Snippet 5\Snippet 5.csproj", "{0823684E-0E98-4490-B069-3AD46099CC52}"
EndProject
Project("{9A19103F-16F7-4668-BE54-9A1E7A4F7556}") = "Snippet 6", "Snippet 6\Snippet 6.csproj", "{A7AF5842-C52D-4091-B3B5-5D2C4E8426A2}"
EndProject
Project("{FAE04EC0-301F-11D3-BF4B-00C04F79EFBC}") = "Snippet 7", "Snippet 7\Snippet 7.csproj", "{D050DA96-0EF6-4093-B17A-F589CED1368A}"
EndProject
Project("{FAE04EC0-301F-11D3-BF4B-00C04F79EFBC}") = "Snippet 8", "Snippet 8\Snippet 8.csproj", "{FD3C896B-D06D-428C-82D4-74F42A81B1D2}"
EndProject
Project("{FAE04EC0-301F-11D3-BF4B-00C04F79EFBC}") = "Snippet 9", "Snippet 9\Snippet 9.csproj", "{1C16C255-CBFD-43B5-9925-0FCD54F07DD1}"
EndProject
Project("{FAE04EC0-301F-11D3-BF4B-00C04F79EFBC}") = "Snippet 10", "Snippet 10\Snippet 10.csproj", "{4B4BF877-843A-4ABC-AD3E-EE873C392C8A}"
EndProject
Project("{FAE04EC0-301F-11D3-BF4B-00C04F79EFBC}") = "Snippet 11", "Snippet 11\Snippet 11.csproj", "{CE2DA475-45D6-4FFB-A57E-92605A181A14}"
EndProject
Global
	GlobalSection(SolutionConfigurationPlatforms) = preSolution
		Debug|Any CPU = Debug|Any CPU
		Release|Any CPU = Release|Any CPU
	EndGlobalSection
	GlobalSection(ProjectConfigurationPlatforms) = postSolution
		{D15D1561-4FDA-4BFC-94D5-338D2831B6CA}.Debug|Any CPU.ActiveCfg = Debug|Any CPU
		{D15D1561-4FDA-4BFC-94D5-338D2831B6CA}.Debug|Any CPU.Build.0 = Debug|Any CPU
		{D15D1561-4FDA-4BFC-94D5-338D2831B6CA}.Release|Any CPU.ActiveCfg = Release|Any CPU
		{D15D1561-4FDA-4BFC-94D5-338D2831B6CA}.Release|Any CPU.Build.0 = Release|Any CPU
		{A2A6FB8A-6C16-4BB4-92E3-258C68476EBF}.Debug|Any CPU.ActiveCfg = Debug|Any CPU
		{A2A6FB8A-6C16-4BB4-92E3-258C68476EBF}.Debug|Any CPU.Build.0 = Debug|Any CPU
		{A2A6FB8A-6C16-4BB4-92E3-258C68476EBF}.Release|Any CPU.ActiveCfg = Release|Any CPU
		{A2A6FB8A-6C16-4BB4-92E3-258C68476EBF}.Release|Any CPU.Build.0 = Release|Any CPU
		{934FF083-FE24-4057-9222-7521493944E8}.Debug|Any CPU.ActiveCfg = Debug|Any CPU
		{934FF083-FE24-4057-9222-7521493944E8}.Debug|Any CPU.Build.0 = Debug|Any CPU
		{934FF083-FE24-4057-9222-7521493944E8}.Release|Any CPU.ActiveCfg = Release|Any CPU
		{934FF083-FE24-4057-9222-7521493944E8}.Release|Any CPU.Build.0 = Release|Any CPU
		{E3E7F576-B69B-426B-AB87-BD780B1EBCDD}.Debug|Any CPU.ActiveCfg = Debug|Any CPU
		{E3E7F576-B69B-426B-AB87-BD780B1EBCDD}.Debug|Any CPU.Build.0 = Debug|Any CPU
		{E3E7F576-B69B-426B-AB87-BD780B1EBCDD}.Release|Any CPU.ActiveCfg = Release|Any CPU
		{E3E7F576-B69B-426B-AB87-BD780B1EBCDD}.Release|Any CPU.Build.0 = Release|Any CPU
		{0823684E-0E98-4490-B069-3AD46099CC52}.Debug|Any CPU.ActiveCfg = Debug|Any CPU
		{0823684E-0E98-4490-B069-3AD46099CC52}.Debug|Any CPU.Build.0 = Debug|Any CPU
		{0823684E-0E98-4490-B069-3AD46099CC52}.Release|Any CPU.ActiveCfg = Release|Any CPU
		{0823684E-0E98-4490-B069-3AD46099CC52}.Release|Any CPU.Build.0 = Release|Any CPU
		{A7AF5842-C52D-4091-B3B5-5D2C4E8426A2}.Debug|Any CPU.ActiveCfg = Debug|Any CPU
		{A7AF5842-C52D-4091-B3B5-5D2C4E8426A2}.Debug|Any CPU.Build.0 = Debug|Any CPU
		{A7AF5842-C52D-4091-B3B5-5D2C4E8426A2}.Release|Any CPU.ActiveCfg = Release|Any CPU
		{A7AF5842-C52D-4091-B3B5-5D2C4E8426A2}.Release|Any CPU.Build.0 = Release|Any CPU
		{D050DA96-0EF6-4093-B17A-F589CED1368A}.Debug|Any CPU.ActiveCfg = Debug|Any CPU
		{D050DA96-0EF6-4093-B17A-F589CED1368A}.Debug|Any CPU.Build.0 = Debug|Any CPU
		{D050DA96-0EF6-4093-B17A-F589CED1368A}.Release|Any CPU.ActiveCfg = Release|Any CPU
		{D050DA96-0EF6-4093-B17A-F589CED1368A}.Release|Any CPU.Build.0 = Release|Any CPU
		{FD3C896B-D06D-428C-82D4-74F42A81B1D2}.Debug|Any CPU.ActiveCfg = Debug|Any CPU
		{FD3C896B-D06D-428C-82D4-74F42A81B1D2}.Debug|Any CPU.Build.0 = Debug|Any CPU
		{FD3C896B-D06D-428C-82D4-74F42A81B1D2}.Release|Any CPU.ActiveCfg = Release|Any CPU
		{FD3C896B-D06D-428C-82D4-74F42A81B1D2}.Release|Any CPU.Build.0 = Release|Any CPU
		{1C16C255-CBFD-43B5-9925-0FCD54F07DD1}.Debug|Any CPU.ActiveCfg = Debug|Any CPU
		{1C16C255-CBFD-43B5-9925-0FCD54F07DD1}.Debug|Any CPU.Build.0 = Debug|Any CPU
		{1C16C255-CBFD-43B5-9925-0FCD54F07DD1}.Release|Any CPU.ActiveCfg = Release|Any CPU
		{1C16C255-CBFD-43B5-9925-0FCD54F07DD1}.Release|Any CPU.Build.0 = Release|Any CPU
		{4B4BF877-843A-4ABC-AD3E-EE873C392C8A}.Debug|Any CPU.ActiveCfg = Debug|Any CPU
		{4B4BF877-843A-4ABC-AD3E-EE873C392C8A}.Debug|Any CPU.Build.0 = Debug|Any CPU
		{4B4BF877-843A-4ABC-AD3E-EE873C392C8A}.Release|Any CPU.ActiveCfg = Release|Any CPU
		{4B4BF877-843A-4ABC-AD3E-EE873C392C8A}.Release|Any CPU.Build.0 = Release|Any CPU
		{CE2DA475-45D6-4FFB-A57E-92605A181A14}.Debug|Any CPU.ActiveCfg = Debug|Any CPU
		{CE2DA475-45D6-4FFB-A57E-92605A181A14}.Debug|Any CPU.Build.0 = Debug|Any CPU
		{CE2DA475-45D6-4FFB-A57E-92605A181A14}.Release|Any CPU.ActiveCfg = Release|Any CPU
		{CE2DA475-45D6-4FFB-A57E-92605A181A14}.Release|Any CPU.Build.0 = Release|Any CPU
	EndGlobalSection
	GlobalSection(SolutionProperties) = preSolution
		HideSolutionNode = FALSE
	EndGlobalSection
	GlobalSection(ExtensibilityGlobals) = postSolution
		SolutionGuid = {3524ECBB-E549-4A4B-8044-F4421EB7AFDB}
	EndGlobalSection
EndGlobal
