
Microsoft Visual Studio Solution File, Format Version 12.00
# Visual Studio Version 16
VisualStudioVersion = 16.0.30804.86
MinimumVisualStudioVersion = 10.0.40219.1
Project("{9A19103F-16F7-4668-BE54-9A1E7A4F7556}") = "Snippet 1", "Snippet 1\Snippet 1.csproj", "{241AC622-8B4F-44D8-8996-3934616C58E5}"
EndProject
Project("{9A19103F-16F7-4668-BE54-9A1E7A4F7556}") = "Snippet 2", "Snippet 2\Snippet 2.csproj", "{67A54EA5-0B50-44D1-B183-12C2C5BDAB89}"
EndProject
Project("{9A19103F-16F7-4668-BE54-9A1E7A4F7556}") = "Snippet 3", "Snippet 3\Snippet 3.csproj", "{E8BECE9A-EA4D-41D4-A394-A00112B86FFF}"
EndProject
Project("{9A19103F-16F7-4668-BE54-9A1E7A4F7556}") = "Snippet 4", "Snippet 4\Snippet 4.csproj", "{46F48400-0D6A-483A-9471-489B505B1810}"
EndProject
Project("{9A19103F-16F7-4668-BE54-9A1E7A4F7556}") = "Snippet 5", "Snippet 5\Snippet 5.csproj", "{1755A47A-4F20-4AEB-979D-65338409E58D}"
EndProject
Project("{9A19103F-16F7-4668-BE54-9A1E7A4F7556}") = "Snippet 6", "Snippet 6\Snippet 6.csproj", "{7E97F2BC-A9A9-4E08-AFC0-2D6E091A82C7}"
EndProject
Project("{9A19103F-16F7-4668-BE54-9A1E7A4F7556}") = "Snippet 7", "Snippet 7\Snippet 7.csproj", "{AA487F82-9D9F-4C7C-AA14-F0B47BE6F862}"
EndProject
Project("{9A19103F-16F7-4668-BE54-9A1E7A4F7556}") = "Snippet 8", "Snippet 8\Snippet 8.csproj", "{937402EF-D759-4948-81F7-A0EB0D56A4D4}"
EndProject
Project("{9A19103F-16F7-4668-BE54-9A1E7A4F7556}") = "Snippet 9", "Snippet 9\Snippet 9.csproj", "{B535A0BC-C704-4900-8C61-8121FC7756FE}"
EndProject
Project("{9A19103F-16F7-4668-BE54-9A1E7A4F7556}") = "Snippet 10", "Snippet 10\Snippet 10.csproj", "{536B31E5-F75C-4B06-8D2B-BDE851239290}"
EndProject
Project("{9A19103F-16F7-4668-BE54-9A1E7A4F7556}") = "Snippet 11", "Snippet 11\Snippet 11.csproj", "{5472C041-872E-4C11-9316-ECBB38852A2F}"
EndProject
Project("{9A19103F-16F7-4668-BE54-9A1E7A4F7556}") = "Snippet 12", "Snippet 12\Snippet 12.csproj", "{D21721A0-8EDC-426D-AAB6-984E5F6617B4}"
EndProject
Project("{FAE04EC0-301F-11D3-BF4B-00C04F79EFBC}") = "Employee", "Employee\Employee.csproj", "{6D8E19E2-01E3-4399-8603-223B385A4CDA}"
EndProject
Project("{FAE04EC0-301F-11D3-BF4B-00C04F79EFBC}") = "Bank", "Bank\Bank.csproj", "{0AD29F94-B94C-4F23-B614-AA35E76142FE}"
EndProject
Global
	GlobalSection(SolutionConfigurationPlatforms) = preSolution
		Debug|Any CPU = Debug|Any CPU
		Release|Any CPU = Release|Any CPU
	EndGlobalSection
	GlobalSection(ProjectConfigurationPlatforms) = postSolution
		{241AC622-8B4F-44D8-8996-3934616C58E5}.Debug|Any CPU.ActiveCfg = Debug|Any CPU
		{241AC622-8B4F-44D8-8996-3934616C58E5}.Debug|Any CPU.Build.0 = Debug|Any CPU
		{241AC622-8B4F-44D8-8996-3934616C58E5}.Release|Any CPU.ActiveCfg = Release|Any CPU
		{241AC622-8B4F-44D8-8996-3934616C58E5}.Release|Any CPU.Build.0 = Release|Any CPU
		{67A54EA5-0B50-44D1-B183-12C2C5BDAB89}.Debug|Any CPU.ActiveCfg = Debug|Any CPU
		{67A54EA5-0B50-44D1-B183-12C2C5BDAB89}.Debug|Any CPU.Build.0 = Debug|Any CPU
		{67A54EA5-0B50-44D1-B183-12C2C5BDAB89}.Release|Any CPU.ActiveCfg = Release|Any CPU
		{67A54EA5-0B50-44D1-B183-12C2C5BDAB89}.Release|Any CPU.Build.0 = Release|Any CPU
		{E8BECE9A-EA4D-41D4-A394-A00112B86FFF}.Debug|Any CPU.ActiveCfg = Debug|Any CPU
		{E8BECE9A-EA4D-41D4-A394-A00112B86FFF}.Debug|Any CPU.Build.0 = Debug|Any CPU
		{E8BECE9A-EA4D-41D4-A394-A00112B86FFF}.Release|Any CPU.ActiveCfg = Release|Any CPU
		{E8BECE9A-EA4D-41D4-A394-A00112B86FFF}.Release|Any CPU.Build.0 = Release|Any CPU
		{46F48400-0D6A-483A-9471-489B505B1810}.Debug|Any CPU.ActiveCfg = Debug|Any CPU
		{46F48400-0D6A-483A-9471-489B505B1810}.Debug|Any CPU.Build.0 = Debug|Any CPU
		{46F48400-0D6A-483A-9471-489B505B1810}.Release|Any CPU.ActiveCfg = Release|Any CPU
		{46F48400-0D6A-483A-9471-489B505B1810}.Release|Any CPU.Build.0 = Release|Any CPU
		{1755A47A-4F20-4AEB-979D-65338409E58D}.Debug|Any CPU.ActiveCfg = Debug|Any CPU
		{1755A47A-4F20-4AEB-979D-65338409E58D}.Debug|Any CPU.Build.0 = Debug|Any CPU
		{1755A47A-4F20-4AEB-979D-65338409E58D}.Release|Any CPU.ActiveCfg = Release|Any CPU
		{1755A47A-4F20-4AEB-979D-65338409E58D}.Release|Any CPU.Build.0 = Release|Any CPU
		{7E97F2BC-A9A9-4E08-AFC0-2D6E091A82C7}.Debug|Any CPU.ActiveCfg = Debug|Any CPU
		{7E97F2BC-A9A9-4E08-AFC0-2D6E091A82C7}.Debug|Any CPU.Build.0 = Debug|Any CPU
		{7E97F2BC-A9A9-4E08-AFC0-2D6E091A82C7}.Release|Any CPU.ActiveCfg = Release|Any CPU
		{7E97F2BC-A9A9-4E08-AFC0-2D6E091A82C7}.Release|Any CPU.Build.0 = Release|Any CPU
		{AA487F82-9D9F-4C7C-AA14-F0B47BE6F862}.Debug|Any CPU.ActiveCfg = Debug|Any CPU
		{AA487F82-9D9F-4C7C-AA14-F0B47BE6F862}.Debug|Any CPU.Build.0 = Debug|Any CPU
		{AA487F82-9D9F-4C7C-AA14-F0B47BE6F862}.Release|Any CPU.ActiveCfg = Release|Any CPU
		{AA487F82-9D9F-4C7C-AA14-F0B47BE6F862}.Release|Any CPU.Build.0 = Release|Any CPU
		{937402EF-D759-4948-81F7-A0EB0D56A4D4}.Debug|Any CPU.ActiveCfg = Debug|Any CPU
		{937402EF-D759-4948-81F7-A0EB0D56A4D4}.Debug|Any CPU.Build.0 = Debug|Any CPU
		{937402EF-D759-4948-81F7-A0EB0D56A4D4}.Release|Any CPU.ActiveCfg = Release|Any CPU
		{937402EF-D759-4948-81F7-A0EB0D56A4D4}.Release|Any CPU.Build.0 = Release|Any CPU
		{B535A0BC-C704-4900-8C61-8121FC7756FE}.Debug|Any CPU.ActiveCfg = Debug|Any CPU
		{B535A0BC-C704-4900-8C61-8121FC7756FE}.Debug|Any CPU.Build.0 = Debug|Any CPU
		{B535A0BC-C704-4900-8C61-8121FC7756FE}.Release|Any CPU.ActiveCfg = Release|Any CPU
		{B535A0BC-C704-4900-8C61-8121FC7756FE}.Release|Any CPU.Build.0 = Release|Any CPU
		{536B31E5-F75C-4B06-8D2B-BDE851239290}.Debug|Any CPU.ActiveCfg = Debug|Any CPU
		{536B31E5-F75C-4B06-8D2B-BDE851239290}.Debug|Any CPU.Build.0 = Debug|Any CPU
		{536B31E5-F75C-4B06-8D2B-BDE851239290}.Release|Any CPU.ActiveCfg = Release|Any CPU
		{536B31E5-F75C-4B06-8D2B-BDE851239290}.Release|Any CPU.Build.0 = Release|Any CPU
		{5472C041-872E-4C11-9316-ECBB38852A2F}.Debug|Any CPU.ActiveCfg = Debug|Any CPU
		{5472C041-872E-4C11-9316-ECBB38852A2F}.Debug|Any CPU.Build.0 = Debug|Any CPU
		{5472C041-872E-4C11-9316-ECBB38852A2F}.Release|Any CPU.ActiveCfg = Release|Any CPU
		{5472C041-872E-4C11-9316-ECBB38852A2F}.Release|Any CPU.Build.0 = Release|Any CPU
		{D21721A0-8EDC-426D-AAB6-984E5F6617B4}.Debug|Any CPU.ActiveCfg = Debug|Any CPU
		{D21721A0-8EDC-426D-AAB6-984E5F6617B4}.Debug|Any CPU.Build.0 = Debug|Any CPU
		{D21721A0-8EDC-426D-AAB6-984E5F6617B4}.Release|Any CPU.ActiveCfg = Release|Any CPU
		{D21721A0-8EDC-426D-AAB6-984E5F6617B4}.Release|Any CPU.Build.0 = Release|Any CPU
		{6D8E19E2-01E3-4399-8603-223B385A4CDA}.Debug|Any CPU.ActiveCfg = Debug|Any CPU
		{6D8E19E2-01E3-4399-8603-223B385A4CDA}.Debug|Any CPU.Build.0 = Debug|Any CPU
		{6D8E19E2-01E3-4399-8603-223B385A4CDA}.Release|Any CPU.ActiveCfg = Release|Any CPU
		{6D8E19E2-01E3-4399-8603-223B385A4CDA}.Release|Any CPU.Build.0 = Release|Any CPU
		{0AD29F94-B94C-4F23-B614-AA35E76142FE}.Debug|Any CPU.ActiveCfg = Debug|Any CPU
		{0AD29F94-B94C-4F23-B614-AA35E76142FE}.Debug|Any CPU.Build.0 = Debug|Any CPU
		{0AD29F94-B94C-4F23-B614-AA35E76142FE}.Release|Any CPU.ActiveCfg = Release|Any CPU
		{0AD29F94-B94C-4F23-B614-AA35E76142FE}.Release|Any CPU.Build.0 = Release|Any CPU
	EndGlobalSection
	GlobalSection(SolutionProperties) = preSolution
		HideSolutionNode = FALSE
	EndGlobalSection
	GlobalSection(ExtensibilityGlobals) = postSolution
		SolutionGuid = {B77AAA12-1789-48C8-B3D2-4A13E83109F8}
	EndGlobalSection
EndGlobal
