
Microsoft Visual Studio Solution File, Format Version 12.00
# Visual Studio Version 16
VisualStudioVersion = 16.0.30804.86
MinimumVisualStudioVersion = 10.0.40219.1
Project("{9A19103F-16F7-4668-BE54-9A1E7A4F7556}") = "Snippet 1", "Snippet 1\Snippet 1.csproj", "{A415E526-E24A-408A-8727-5F6BB72FC0A9}"
EndProject
Project("{9A19103F-16F7-4668-BE54-9A1E7A4F7556}") = "Snippet 2", "Snippet 2\Snippet 2.csproj", "{7B891932-6B62-41DE-9411-52C0D2B82EA3}"
EndProject
Project("{9A19103F-16F7-4668-BE54-9A1E7A4F7556}") = "Snippet 3", "Snippet 3\Snippet 3.csproj", "{4BA84801-589E-465E-866E-6732EF13630C}"
EndProject
Project("{9A19103F-16F7-4668-BE54-9A1E7A4F7556}") = "Snippet 4", "Snippet 4\Snippet 4.csproj", "{380D22FD-10FF-4D19-B48E-00045DA01104}"
EndProject
Project("{9A19103F-16F7-4668-BE54-9A1E7A4F7556}") = "Snippet 5", "Snippet 5\Snippet 5.csproj", "{FF034E03-5766-44E5-B7E4-D42FC71C6F57}"
EndProject
Project("{9A19103F-16F7-4668-BE54-9A1E7A4F7556}") = "Snippet 6", "Snippet 6\Snippet 6.csproj", "{8EA3BB4D-920C-404A-9D14-C1FBCBDF40CD}"
EndProject
Project("{9A19103F-16F7-4668-BE54-9A1E7A4F7556}") = "Snippet 7", "Snippet 7\Snippet 7.csproj", "{2FF5EFF7-6954-4EED-96A4-7758FF90E483}"
EndProject
Project("{9A19103F-16F7-4668-BE54-9A1E7A4F7556}") = "Snippet 8", "Snippet 8\Snippet 8.csproj", "{45E9B90B-EC60-4D7F-AF8D-EE0D81B6D812}"
EndProject
Project("{FAE04EC0-301F-11D3-BF4B-00C04F79EFBC}") = "Snippet 9", "Snippet 9\Snippet 9.csproj", "{8B970F95-1EFD-4B11-8153-73A8B8E4824F}"
EndProject
Project("{FAE04EC0-301F-11D3-BF4B-00C04F79EFBC}") = "Snippet 10", "Snippet 10\Snippet 10.csproj", "{587401FA-DDED-437B-A870-3F1AF7BA5596}"
EndProject
Project("{FAE04EC0-301F-11D3-BF4B-00C04F79EFBC}") = "Snippet 11", "Snippet 11\Snippet 11.csproj", "{C5C8C90C-F248-4FF1-8999-985B9BC292BC}"
EndProject
Project("{FAE04EC0-301F-11D3-BF4B-00C04F79EFBC}") = "Snippet 12", "Snippet 12\Snippet 12.csproj", "{A4303448-C153-4173-8FF9-D1D3E54A4A75}"
EndProject
Project("{FAE04EC0-301F-11D3-BF4B-00C04F79EFBC}") = "Snippet 13", "Snippet 13\Snippet 13.csproj", "{A663CED2-1A2E-4E22-BDEC-6BAF2B832401}"
EndProject
Project("{FAE04EC0-301F-11D3-BF4B-00C04F79EFBC}") = "Snippet 14", "Snippet 14\Snippet 14.csproj", "{E12F5C30-574E-486A-98B4-3CC8C8E11CF6}"
EndProject
Project("{FAE04EC0-301F-11D3-BF4B-00C04F79EFBC}") = "ConsoleApp2", "ConsoleApp2\ConsoleApp2.csproj", "{60529401-D642-41EF-89B1-60EBA31A9650}"
EndProject
Project("{FAE04EC0-301F-11D3-BF4B-00C04F79EFBC}") = "Snippet 16", "Snippet 16\Snippet 16.csproj", "{FEE26513-396B-47C5-BC59-95122BA2BE65}"
EndProject
Project("{FAE04EC0-301F-11D3-BF4B-00C04F79EFBC}") = "Snippet 17", "Snippet 17\Snippet 17.csproj", "{67EC0B96-122F-464F-814E-5085FD84CCAD}"
EndProject
Project("{FAE04EC0-301F-11D3-BF4B-00C04F79EFBC}") = "Snippet 18", "Snippet 18\Snippet 18.csproj", "{972E805D-ECD1-44A8-8941-03266B778418}"
EndProject
Project("{FAE04EC0-301F-11D3-BF4B-00C04F79EFBC}") = "Snippet 19", "Snippet 19\Snippet 19.csproj", "{C4C19F52-8038-49AB-BAF4-3343B86E123E}"
EndProject
Project("{FAE04EC0-301F-11D3-BF4B-00C04F79EFBC}") = "Snippet 20", "Snippet 20\Snippet 20.csproj", "{9599FDFD-D882-4275-B4C1-C4F01A56268C}"
EndProject
Project("{FAE04EC0-301F-11D3-BF4B-00C04F79EFBC}") = "Snippet 21", "Snippet 21\Snippet 21.csproj", "{1BFF001F-FD4F-4486-868D-4521A2F9D911}"
EndProject
Project("{FAE04EC0-301F-11D3-BF4B-00C04F79EFBC}") = "Snippet 22", "Snippet 25\Snippet 22.csproj", "{3AD72C47-0740-4F98-BAC8-C843BFDCAF09}"
EndProject
Project("{FAE04EC0-301F-11D3-BF4B-00C04F79EFBC}") = "Snippet 23", "Snippet 23\Snippet 23.csproj", "{A22FE8E1-2B42-47AD-8AE3-B3493C1DAC90}"
EndProject
Project("{FAE04EC0-301F-11D3-BF4B-00C04F79EFBC}") = "Snippet 24", "Snippet 24\Snippet 24.csproj", "{00D004ED-F2C4-42A6-A9D7-65DFAD269CFA}"
EndProject
Project("{FAE04EC0-301F-11D3-BF4B-00C04F79EFBC}") = "ConsoleApp3", "ConsoleApp3\ConsoleApp3.csproj", "{267CDA41-CBE3-48ED-83F5-480F131AC24D}"
EndProject
Global
	GlobalSection(SolutionConfigurationPlatforms) = preSolution
		Debug|Any CPU = Debug|Any CPU
		Release|Any CPU = Release|Any CPU
	EndGlobalSection
	GlobalSection(ProjectConfigurationPlatforms) = postSolution
		{A415E526-E24A-408A-8727-5F6BB72FC0A9}.Debug|Any CPU.ActiveCfg = Debug|Any CPU
		{A415E526-E24A-408A-8727-5F6BB72FC0A9}.Debug|Any CPU.Build.0 = Debug|Any CPU
		{A415E526-E24A-408A-8727-5F6BB72FC0A9}.Release|Any CPU.ActiveCfg = Release|Any CPU
		{A415E526-E24A-408A-8727-5F6BB72FC0A9}.Release|Any CPU.Build.0 = Release|Any CPU
		{7B891932-6B62-41DE-9411-52C0D2B82EA3}.Debug|Any CPU.ActiveCfg = Debug|Any CPU
		{7B891932-6B62-41DE-9411-52C0D2B82EA3}.Debug|Any CPU.Build.0 = Debug|Any CPU
		{7B891932-6B62-41DE-9411-52C0D2B82EA3}.Release|Any CPU.ActiveCfg = Release|Any CPU
		{7B891932-6B62-41DE-9411-52C0D2B82EA3}.Release|Any CPU.Build.0 = Release|Any CPU
		{4BA84801-589E-465E-866E-6732EF13630C}.Debug|Any CPU.ActiveCfg = Debug|Any CPU
		{4BA84801-589E-465E-866E-6732EF13630C}.Debug|Any CPU.Build.0 = Debug|Any CPU
		{4BA84801-589E-465E-866E-6732EF13630C}.Release|Any CPU.ActiveCfg = Release|Any CPU
		{4BA84801-589E-465E-866E-6732EF13630C}.Release|Any CPU.Build.0 = Release|Any CPU
		{380D22FD-10FF-4D19-B48E-00045DA01104}.Debug|Any CPU.ActiveCfg = Debug|Any CPU
		{380D22FD-10FF-4D19-B48E-00045DA01104}.Debug|Any CPU.Build.0 = Debug|Any CPU
		{380D22FD-10FF-4D19-B48E-00045DA01104}.Release|Any CPU.ActiveCfg = Release|Any CPU
		{380D22FD-10FF-4D19-B48E-00045DA01104}.Release|Any CPU.Build.0 = Release|Any CPU
		{FF034E03-5766-44E5-B7E4-D42FC71C6F57}.Debug|Any CPU.ActiveCfg = Debug|Any CPU
		{FF034E03-5766-44E5-B7E4-D42FC71C6F57}.Debug|Any CPU.Build.0 = Debug|Any CPU
		{FF034E03-5766-44E5-B7E4-D42FC71C6F57}.Release|Any CPU.ActiveCfg = Release|Any CPU
		{FF034E03-5766-44E5-B7E4-D42FC71C6F57}.Release|Any CPU.Build.0 = Release|Any CPU
		{8EA3BB4D-920C-404A-9D14-C1FBCBDF40CD}.Debug|Any CPU.ActiveCfg = Debug|Any CPU
		{8EA3BB4D-920C-404A-9D14-C1FBCBDF40CD}.Debug|Any CPU.Build.0 = Debug|Any CPU
		{8EA3BB4D-920C-404A-9D14-C1FBCBDF40CD}.Release|Any CPU.ActiveCfg = Release|Any CPU
		{8EA3BB4D-920C-404A-9D14-C1FBCBDF40CD}.Release|Any CPU.Build.0 = Release|Any CPU
		{2FF5EFF7-6954-4EED-96A4-7758FF90E483}.Debug|Any CPU.ActiveCfg = Debug|Any CPU
		{2FF5EFF7-6954-4EED-96A4-7758FF90E483}.Debug|Any CPU.Build.0 = Debug|Any CPU
		{2FF5EFF7-6954-4EED-96A4-7758FF90E483}.Release|Any CPU.ActiveCfg = Release|Any CPU
		{2FF5EFF7-6954-4EED-96A4-7758FF90E483}.Release|Any CPU.Build.0 = Release|Any CPU
		{45E9B90B-EC60-4D7F-AF8D-EE0D81B6D812}.Debug|Any CPU.ActiveCfg = Debug|Any CPU
		{45E9B90B-EC60-4D7F-AF8D-EE0D81B6D812}.Debug|Any CPU.Build.0 = Debug|Any CPU
		{45E9B90B-EC60-4D7F-AF8D-EE0D81B6D812}.Release|Any CPU.ActiveCfg = Release|Any CPU
		{45E9B90B-EC60-4D7F-AF8D-EE0D81B6D812}.Release|Any CPU.Build.0 = Release|Any CPU
		{8B970F95-1EFD-4B11-8153-73A8B8E4824F}.Debug|Any CPU.ActiveCfg = Debug|Any CPU
		{8B970F95-1EFD-4B11-8153-73A8B8E4824F}.Debug|Any CPU.Build.0 = Debug|Any CPU
		{8B970F95-1EFD-4B11-8153-73A8B8E4824F}.Release|Any CPU.ActiveCfg = Release|Any CPU
		{8B970F95-1EFD-4B11-8153-73A8B8E4824F}.Release|Any CPU.Build.0 = Release|Any CPU
		{587401FA-DDED-437B-A870-3F1AF7BA5596}.Debug|Any CPU.ActiveCfg = Debug|Any CPU
		{587401FA-DDED-437B-A870-3F1AF7BA5596}.Debug|Any CPU.Build.0 = Debug|Any CPU
		{587401FA-DDED-437B-A870-3F1AF7BA5596}.Release|Any CPU.ActiveCfg = Release|Any CPU
		{587401FA-DDED-437B-A870-3F1AF7BA5596}.Release|Any CPU.Build.0 = Release|Any CPU
		{C5C8C90C-F248-4FF1-8999-985B9BC292BC}.Debug|Any CPU.ActiveCfg = Debug|Any CPU
		{C5C8C90C-F248-4FF1-8999-985B9BC292BC}.Debug|Any CPU.Build.0 = Debug|Any CPU
		{C5C8C90C-F248-4FF1-8999-985B9BC292BC}.Release|Any CPU.ActiveCfg = Release|Any CPU
		{C5C8C90C-F248-4FF1-8999-985B9BC292BC}.Release|Any CPU.Build.0 = Release|Any CPU
		{A4303448-C153-4173-8FF9-D1D3E54A4A75}.Debug|Any CPU.ActiveCfg = Debug|Any CPU
		{A4303448-C153-4173-8FF9-D1D3E54A4A75}.Debug|Any CPU.Build.0 = Debug|Any CPU
		{A4303448-C153-4173-8FF9-D1D3E54A4A75}.Release|Any CPU.ActiveCfg = Release|Any CPU
		{A4303448-C153-4173-8FF9-D1D3E54A4A75}.Release|Any CPU.Build.0 = Release|Any CPU
		{A663CED2-1A2E-4E22-BDEC-6BAF2B832401}.Debug|Any CPU.ActiveCfg = Debug|Any CPU
		{A663CED2-1A2E-4E22-BDEC-6BAF2B832401}.Debug|Any CPU.Build.0 = Debug|Any CPU
		{A663CED2-1A2E-4E22-BDEC-6BAF2B832401}.Release|Any CPU.ActiveCfg = Release|Any CPU
		{A663CED2-1A2E-4E22-BDEC-6BAF2B832401}.Release|Any CPU.Build.0 = Release|Any CPU
		{E12F5C30-574E-486A-98B4-3CC8C8E11CF6}.Debug|Any CPU.ActiveCfg = Debug|Any CPU
		{E12F5C30-574E-486A-98B4-3CC8C8E11CF6}.Debug|Any CPU.Build.0 = Debug|Any CPU
		{E12F5C30-574E-486A-98B4-3CC8C8E11CF6}.Release|Any CPU.ActiveCfg = Release|Any CPU
		{E12F5C30-574E-486A-98B4-3CC8C8E11CF6}.Release|Any CPU.Build.0 = Release|Any CPU
		{60529401-D642-41EF-89B1-60EBA31A9650}.Debug|Any CPU.ActiveCfg = Debug|Any CPU
		{60529401-D642-41EF-89B1-60EBA31A9650}.Debug|Any CPU.Build.0 = Debug|Any CPU
		{60529401-D642-41EF-89B1-60EBA31A9650}.Release|Any CPU.ActiveCfg = Release|Any CPU
		{60529401-D642-41EF-89B1-60EBA31A9650}.Release|Any CPU.Build.0 = Release|Any CPU
		{FEE26513-396B-47C5-BC59-95122BA2BE65}.Debug|Any CPU.ActiveCfg = Debug|Any CPU
		{FEE26513-396B-47C5-BC59-95122BA2BE65}.Debug|Any CPU.Build.0 = Debug|Any CPU
		{FEE26513-396B-47C5-BC59-95122BA2BE65}.Release|Any CPU.ActiveCfg = Release|Any CPU
		{FEE26513-396B-47C5-BC59-95122BA2BE65}.Release|Any CPU.Build.0 = Release|Any CPU
		{67EC0B96-122F-464F-814E-5085FD84CCAD}.Debug|Any CPU.ActiveCfg = Debug|Any CPU
		{67EC0B96-122F-464F-814E-5085FD84CCAD}.Debug|Any CPU.Build.0 = Debug|Any CPU
		{67EC0B96-122F-464F-814E-5085FD84CCAD}.Release|Any CPU.ActiveCfg = Release|Any CPU
		{67EC0B96-122F-464F-814E-5085FD84CCAD}.Release|Any CPU.Build.0 = Release|Any CPU
		{972E805D-ECD1-44A8-8941-03266B778418}.Debug|Any CPU.ActiveCfg = Debug|Any CPU
		{972E805D-ECD1-44A8-8941-03266B778418}.Debug|Any CPU.Build.0 = Debug|Any CPU
		{972E805D-ECD1-44A8-8941-03266B778418}.Release|Any CPU.ActiveCfg = Release|Any CPU
		{972E805D-ECD1-44A8-8941-03266B778418}.Release|Any CPU.Build.0 = Release|Any CPU
		{C4C19F52-8038-49AB-BAF4-3343B86E123E}.Debug|Any CPU.ActiveCfg = Debug|Any CPU
		{C4C19F52-8038-49AB-BAF4-3343B86E123E}.Debug|Any CPU.Build.0 = Debug|Any CPU
		{C4C19F52-8038-49AB-BAF4-3343B86E123E}.Release|Any CPU.ActiveCfg = Release|Any CPU
		{C4C19F52-8038-49AB-BAF4-3343B86E123E}.Release|Any CPU.Build.0 = Release|Any CPU
		{9599FDFD-D882-4275-B4C1-C4F01A56268C}.Debug|Any CPU.ActiveCfg = Debug|Any CPU
		{9599FDFD-D882-4275-B4C1-C4F01A56268C}.Debug|Any CPU.Build.0 = Debug|Any CPU
		{9599FDFD-D882-4275-B4C1-C4F01A56268C}.Release|Any CPU.ActiveCfg = Release|Any CPU
		{9599FDFD-D882-4275-B4C1-C4F01A56268C}.Release|Any CPU.Build.0 = Release|Any CPU
		{1BFF001F-FD4F-4486-868D-4521A2F9D911}.Debug|Any CPU.ActiveCfg = Debug|Any CPU
		{1BFF001F-FD4F-4486-868D-4521A2F9D911}.Debug|Any CPU.Build.0 = Debug|Any CPU
		{1BFF001F-FD4F-4486-868D-4521A2F9D911}.Release|Any CPU.ActiveCfg = Release|Any CPU
		{1BFF001F-FD4F-4486-868D-4521A2F9D911}.Release|Any CPU.Build.0 = Release|Any CPU
		{3AD72C47-0740-4F98-BAC8-C843BFDCAF09}.Debug|Any CPU.ActiveCfg = Debug|Any CPU
		{3AD72C47-0740-4F98-BAC8-C843BFDCAF09}.Debug|Any CPU.Build.0 = Debug|Any CPU
		{3AD72C47-0740-4F98-BAC8-C843BFDCAF09}.Release|Any CPU.ActiveCfg = Release|Any CPU
		{3AD72C47-0740-4F98-BAC8-C843BFDCAF09}.Release|Any CPU.Build.0 = Release|Any CPU
		{A22FE8E1-2B42-47AD-8AE3-B3493C1DAC90}.Debug|Any CPU.ActiveCfg = Debug|Any CPU
		{A22FE8E1-2B42-47AD-8AE3-B3493C1DAC90}.Debug|Any CPU.Build.0 = Debug|Any CPU
		{A22FE8E1-2B42-47AD-8AE3-B3493C1DAC90}.Release|Any CPU.ActiveCfg = Release|Any CPU
		{A22FE8E1-2B42-47AD-8AE3-B3493C1DAC90}.Release|Any CPU.Build.0 = Release|Any CPU
		{00D004ED-F2C4-42A6-A9D7-65DFAD269CFA}.Debug|Any CPU.ActiveCfg = Debug|Any CPU
		{00D004ED-F2C4-42A6-A9D7-65DFAD269CFA}.Debug|Any CPU.Build.0 = Debug|Any CPU
		{00D004ED-F2C4-42A6-A9D7-65DFAD269CFA}.Release|Any CPU.ActiveCfg = Release|Any CPU
		{00D004ED-F2C4-42A6-A9D7-65DFAD269CFA}.Release|Any CPU.Build.0 = Release|Any CPU
		{267CDA41-CBE3-48ED-83F5-480F131AC24D}.Debug|Any CPU.ActiveCfg = Debug|Any CPU
		{267CDA41-CBE3-48ED-83F5-480F131AC24D}.Debug|Any CPU.Build.0 = Debug|Any CPU
		{267CDA41-CBE3-48ED-83F5-480F131AC24D}.Release|Any CPU.ActiveCfg = Release|Any CPU
		{267CDA41-CBE3-48ED-83F5-480F131AC24D}.Release|Any CPU.Build.0 = Release|Any CPU
	EndGlobalSection
	GlobalSection(SolutionProperties) = preSolution
		HideSolutionNode = FALSE
	EndGlobalSection
	GlobalSection(ExtensibilityGlobals) = postSolution
		SolutionGuid = {1731F853-284D-4E03-8693-7DBF229D4BCF}
	EndGlobalSection
EndGlobal
