
Microsoft Visual Studio Solution File, Format Version 12.00
# Visual Studio Version 16
VisualStudioVersion = 16.0.30804.86
MinimumVisualStudioVersion = 10.0.40219.1
Project("{9A19103F-16F7-4668-BE54-9A1E7A4F7556}") = "Snippet 1", "Snippet 1\Snippet 1.csproj", "{E6116D6E-8661-49D9-ADC4-832F7622A0E1}"
EndProject
Project("{9A19103F-16F7-4668-BE54-9A1E7A4F7556}") = "Snippet 2", "Snippet 2\Snippet 2.csproj", "{58BEC01B-5A70-47B8-993F-A973E9ED7545}"
EndProject
Project("{9A19103F-16F7-4668-BE54-9A1E7A4F7556}") = "Snippet 3", "Snippet 3\Snippet 3.csproj", "{953934DA-D4B3-491D-A8CE-3144F0062BC7}"
EndProject
Project("{9A19103F-16F7-4668-BE54-9A1E7A4F7556}") = "Snippet 4", "Snippet 4\Snippet 4.csproj", "{DB90FD54-320B-4D05-BDB9-510FB70927DD}"
EndProject
Project("{9A19103F-16F7-4668-BE54-9A1E7A4F7556}") = "Snippet 5", "Snippet 5\Snippet 5.csproj", "{F154ABEA-A755-4FBD-9862-D546C30B58D3}"
EndProject
Project("{9A19103F-16F7-4668-BE54-9A1E7A4F7556}") = "Snippet 6", "Snippet 6\Snippet 6.csproj", "{C5519521-F392-4921-ACF2-7D6A866E80C2}"
EndProject
Project("{9A19103F-16F7-4668-BE54-9A1E7A4F7556}") = "Snippet 7", "Snippet 7\Snippet 7.csproj", "{F2E17028-8CC7-4100-8B78-8C44F7272C7E}"
EndProject
Project("{9A19103F-16F7-4668-BE54-9A1E7A4F7556}") = "Snippet 8", "Snippet 8\Snippet 8.csproj", "{E1C9072C-DA9C-4099-8005-7D728D23A21B}"
EndProject
Project("{9A19103F-16F7-4668-BE54-9A1E7A4F7556}") = "Snippet 9", "Snippet 9\Snippet 9.csproj", "{B268D31A-4813-4906-990E-8DBEB95B6B79}"
EndProject
Project("{9A19103F-16F7-4668-BE54-9A1E7A4F7556}") = "Snippet 10", "Snippet 10\Snippet 10.csproj", "{7FECCB13-314F-404B-B14C-3275C57EC2E2}"
EndProject
Project("{9A19103F-16F7-4668-BE54-9A1E7A4F7556}") = "Snippet 11", "Snippet 11\Snippet 11.csproj", "{50233544-ADBF-446E-843E-8B66B02DB642}"
EndProject
Project("{9A19103F-16F7-4668-BE54-9A1E7A4F7556}") = "Snippet 12", "Snippet 12\Snippet 12.csproj", "{7ED23484-AD75-4A75-9A08-81D8C60A8494}"
EndProject
Project("{9A19103F-16F7-4668-BE54-9A1E7A4F7556}") = "Snippet 13", "Snippet 134\Snippet 13.csproj", "{72A69648-1DF3-4E9E-89F4-FB87618D603F}"
EndProject
Project("{9A19103F-16F7-4668-BE54-9A1E7A4F7556}") = "Snippet 14", "Snippet 14\Snippet 14.csproj", "{BF395A75-16A7-4656-9D9C-FFE0451FD5DC}"
EndProject
Project("{9A19103F-16F7-4668-BE54-9A1E7A4F7556}") = "Snippet 15", "Snippet 15\Snippet 15.csproj", "{7BC9446C-04DD-4386-8834-EF3AAF1EC67D}"
EndProject
Project("{9A19103F-16F7-4668-BE54-9A1E7A4F7556}") = "Snippet 16", "Snippet 16\Snippet 16.csproj", "{2BD66144-B083-42F4-8CE4-86B82537A072}"
EndProject
Project("{9A19103F-16F7-4668-BE54-9A1E7A4F7556}") = "Snippet 17", "Snippet 17\Snippet 17.csproj", "{00827929-E493-46BE-AD43-7F814F3A4789}"
EndProject
Project("{9A19103F-16F7-4668-BE54-9A1E7A4F7556}") = "Snippet 18", "Snippet 18\Snippet 18.csproj", "{4038706D-385B-4539-8A76-A8E7D2478F69}"
EndProject
Project("{9A19103F-16F7-4668-BE54-9A1E7A4F7556}") = "Snippet 19", "Snippet 19\Snippet 19.csproj", "{E9076F26-DF0B-4253-8809-2D55BDC04296}"
EndProject
Project("{9A19103F-16F7-4668-BE54-9A1E7A4F7556}") = "Snippet 20", "Snippet 20\Snippet 20.csproj", "{E18DC00F-B43B-4ADE-9B70-9F00CA172BB6}"
EndProject
Project("{9A19103F-16F7-4668-BE54-9A1E7A4F7556}") = "Snippet 21", "Snippet 21\Snippet 21.csproj", "{635724D0-D258-4680-A557-3E8DFF2D75C6}"
EndProject
Project("{9A19103F-16F7-4668-BE54-9A1E7A4F7556}") = "Snippet 22", "Snippet 22\Snippet 22.csproj", "{61F79E22-7A11-4DBF-A3FD-963774BE7556}"
EndProject
Project("{9A19103F-16F7-4668-BE54-9A1E7A4F7556}") = "Snippet 23", "Snippet 23\Snippet 23.csproj", "{5FCFBB0A-04EB-4E0E-B025-4C0AFB9A9252}"
EndProject
Project("{9A19103F-16F7-4668-BE54-9A1E7A4F7556}") = "Snippet 24", "Snippet 24\Snippet 24.csproj", "{BFA91E7D-90C2-4D64-A840-23955FEB3371}"
EndProject
Project("{9A19103F-16F7-4668-BE54-9A1E7A4F7556}") = "Snippet 25", "Snippet 25\Snippet 25.csproj", "{302A41F2-3077-49CA-9C47-07ED1C6F1DE0}"
EndProject
Project("{FAE04EC0-301F-11D3-BF4B-00C04F79EFBC}") = "ConsoleApp1", "ConsoleApp1\ConsoleApp1.csproj", "{0071D9F6-A66A-47F3-A0A0-21F7A570F257}"
EndProject
Global
	GlobalSection(SolutionConfigurationPlatforms) = preSolution
		Debug|Any CPU = Debug|Any CPU
		Release|Any CPU = Release|Any CPU
	EndGlobalSection
	GlobalSection(ProjectConfigurationPlatforms) = postSolution
		{E6116D6E-8661-49D9-ADC4-832F7622A0E1}.Debug|Any CPU.ActiveCfg = Debug|Any CPU
		{E6116D6E-8661-49D9-ADC4-832F7622A0E1}.Debug|Any CPU.Build.0 = Debug|Any CPU
		{E6116D6E-8661-49D9-ADC4-832F7622A0E1}.Release|Any CPU.ActiveCfg = Release|Any CPU
		{E6116D6E-8661-49D9-ADC4-832F7622A0E1}.Release|Any CPU.Build.0 = Release|Any CPU
		{58BEC01B-5A70-47B8-993F-A973E9ED7545}.Debug|Any CPU.ActiveCfg = Debug|Any CPU
		{58BEC01B-5A70-47B8-993F-A973E9ED7545}.Debug|Any CPU.Build.0 = Debug|Any CPU
		{58BEC01B-5A70-47B8-993F-A973E9ED7545}.Release|Any CPU.ActiveCfg = Release|Any CPU
		{58BEC01B-5A70-47B8-993F-A973E9ED7545}.Release|Any CPU.Build.0 = Release|Any CPU
		{953934DA-D4B3-491D-A8CE-3144F0062BC7}.Debug|Any CPU.ActiveCfg = Debug|Any CPU
		{953934DA-D4B3-491D-A8CE-3144F0062BC7}.Debug|Any CPU.Build.0 = Debug|Any CPU
		{953934DA-D4B3-491D-A8CE-3144F0062BC7}.Release|Any CPU.ActiveCfg = Release|Any CPU
		{953934DA-D4B3-491D-A8CE-3144F0062BC7}.Release|Any CPU.Build.0 = Release|Any CPU
		{DB90FD54-320B-4D05-BDB9-510FB70927DD}.Debug|Any CPU.ActiveCfg = Debug|Any CPU
		{DB90FD54-320B-4D05-BDB9-510FB70927DD}.Debug|Any CPU.Build.0 = Debug|Any CPU
		{DB90FD54-320B-4D05-BDB9-510FB70927DD}.Release|Any CPU.ActiveCfg = Release|Any CPU
		{DB90FD54-320B-4D05-BDB9-510FB70927DD}.Release|Any CPU.Build.0 = Release|Any CPU
		{F154ABEA-A755-4FBD-9862-D546C30B58D3}.Debug|Any CPU.ActiveCfg = Debug|Any CPU
		{F154ABEA-A755-4FBD-9862-D546C30B58D3}.Debug|Any CPU.Build.0 = Debug|Any CPU
		{F154ABEA-A755-4FBD-9862-D546C30B58D3}.Release|Any CPU.ActiveCfg = Release|Any CPU
		{F154ABEA-A755-4FBD-9862-D546C30B58D3}.Release|Any CPU.Build.0 = Release|Any CPU
		{C5519521-F392-4921-ACF2-7D6A866E80C2}.Debug|Any CPU.ActiveCfg = Debug|Any CPU
		{C5519521-F392-4921-ACF2-7D6A866E80C2}.Debug|Any CPU.Build.0 = Debug|Any CPU
		{C5519521-F392-4921-ACF2-7D6A866E80C2}.Release|Any CPU.ActiveCfg = Release|Any CPU
		{C5519521-F392-4921-ACF2-7D6A866E80C2}.Release|Any CPU.Build.0 = Release|Any CPU
		{F2E17028-8CC7-4100-8B78-8C44F7272C7E}.Debug|Any CPU.ActiveCfg = Debug|Any CPU
		{F2E17028-8CC7-4100-8B78-8C44F7272C7E}.Debug|Any CPU.Build.0 = Debug|Any CPU
		{F2E17028-8CC7-4100-8B78-8C44F7272C7E}.Release|Any CPU.ActiveCfg = Release|Any CPU
		{F2E17028-8CC7-4100-8B78-8C44F7272C7E}.Release|Any CPU.Build.0 = Release|Any CPU
		{E1C9072C-DA9C-4099-8005-7D728D23A21B}.Debug|Any CPU.ActiveCfg = Debug|Any CPU
		{E1C9072C-DA9C-4099-8005-7D728D23A21B}.Debug|Any CPU.Build.0 = Debug|Any CPU
		{E1C9072C-DA9C-4099-8005-7D728D23A21B}.Release|Any CPU.ActiveCfg = Release|Any CPU
		{E1C9072C-DA9C-4099-8005-7D728D23A21B}.Release|Any CPU.Build.0 = Release|Any CPU
		{B268D31A-4813-4906-990E-8DBEB95B6B79}.Debug|Any CPU.ActiveCfg = Debug|Any CPU
		{B268D31A-4813-4906-990E-8DBEB95B6B79}.Debug|Any CPU.Build.0 = Debug|Any CPU
		{B268D31A-4813-4906-990E-8DBEB95B6B79}.Release|Any CPU.ActiveCfg = Release|Any CPU
		{B268D31A-4813-4906-990E-8DBEB95B6B79}.Release|Any CPU.Build.0 = Release|Any CPU
		{7FECCB13-314F-404B-B14C-3275C57EC2E2}.Debug|Any CPU.ActiveCfg = Debug|Any CPU
		{7FECCB13-314F-404B-B14C-3275C57EC2E2}.Debug|Any CPU.Build.0 = Debug|Any CPU
		{7FECCB13-314F-404B-B14C-3275C57EC2E2}.Release|Any CPU.ActiveCfg = Release|Any CPU
		{7FECCB13-314F-404B-B14C-3275C57EC2E2}.Release|Any CPU.Build.0 = Release|Any CPU
		{50233544-ADBF-446E-843E-8B66B02DB642}.Debug|Any CPU.ActiveCfg = Debug|Any CPU
		{50233544-ADBF-446E-843E-8B66B02DB642}.Debug|Any CPU.Build.0 = Debug|Any CPU
		{50233544-ADBF-446E-843E-8B66B02DB642}.Release|Any CPU.ActiveCfg = Release|Any CPU
		{50233544-ADBF-446E-843E-8B66B02DB642}.Release|Any CPU.Build.0 = Release|Any CPU
		{7ED23484-AD75-4A75-9A08-81D8C60A8494}.Debug|Any CPU.ActiveCfg = Debug|Any CPU
		{7ED23484-AD75-4A75-9A08-81D8C60A8494}.Debug|Any CPU.Build.0 = Debug|Any CPU
		{7ED23484-AD75-4A75-9A08-81D8C60A8494}.Release|Any CPU.ActiveCfg = Release|Any CPU
		{7ED23484-AD75-4A75-9A08-81D8C60A8494}.Release|Any CPU.Build.0 = Release|Any CPU
		{72A69648-1DF3-4E9E-89F4-FB87618D603F}.Debug|Any CPU.ActiveCfg = Debug|Any CPU
		{72A69648-1DF3-4E9E-89F4-FB87618D603F}.Debug|Any CPU.Build.0 = Debug|Any CPU
		{72A69648-1DF3-4E9E-89F4-FB87618D603F}.Release|Any CPU.ActiveCfg = Release|Any CPU
		{72A69648-1DF3-4E9E-89F4-FB87618D603F}.Release|Any CPU.Build.0 = Release|Any CPU
		{BF395A75-16A7-4656-9D9C-FFE0451FD5DC}.Debug|Any CPU.ActiveCfg = Debug|Any CPU
		{BF395A75-16A7-4656-9D9C-FFE0451FD5DC}.Debug|Any CPU.Build.0 = Debug|Any CPU
		{BF395A75-16A7-4656-9D9C-FFE0451FD5DC}.Release|Any CPU.ActiveCfg = Release|Any CPU
		{BF395A75-16A7-4656-9D9C-FFE0451FD5DC}.Release|Any CPU.Build.0 = Release|Any CPU
		{7BC9446C-04DD-4386-8834-EF3AAF1EC67D}.Debug|Any CPU.ActiveCfg = Debug|Any CPU
		{7BC9446C-04DD-4386-8834-EF3AAF1EC67D}.Debug|Any CPU.Build.0 = Debug|Any CPU
		{7BC9446C-04DD-4386-8834-EF3AAF1EC67D}.Release|Any CPU.ActiveCfg = Release|Any CPU
		{7BC9446C-04DD-4386-8834-EF3AAF1EC67D}.Release|Any CPU.Build.0 = Release|Any CPU
		{2BD66144-B083-42F4-8CE4-86B82537A072}.Debug|Any CPU.ActiveCfg = Debug|Any CPU
		{2BD66144-B083-42F4-8CE4-86B82537A072}.Debug|Any CPU.Build.0 = Debug|Any CPU
		{2BD66144-B083-42F4-8CE4-86B82537A072}.Release|Any CPU.ActiveCfg = Release|Any CPU
		{2BD66144-B083-42F4-8CE4-86B82537A072}.Release|Any CPU.Build.0 = Release|Any CPU
		{00827929-E493-46BE-AD43-7F814F3A4789}.Debug|Any CPU.ActiveCfg = Debug|Any CPU
		{00827929-E493-46BE-AD43-7F814F3A4789}.Debug|Any CPU.Build.0 = Debug|Any CPU
		{00827929-E493-46BE-AD43-7F814F3A4789}.Release|Any CPU.ActiveCfg = Release|Any CPU
		{00827929-E493-46BE-AD43-7F814F3A4789}.Release|Any CPU.Build.0 = Release|Any CPU
		{4038706D-385B-4539-8A76-A8E7D2478F69}.Debug|Any CPU.ActiveCfg = Debug|Any CPU
		{4038706D-385B-4539-8A76-A8E7D2478F69}.Debug|Any CPU.Build.0 = Debug|Any CPU
		{4038706D-385B-4539-8A76-A8E7D2478F69}.Release|Any CPU.ActiveCfg = Release|Any CPU
		{4038706D-385B-4539-8A76-A8E7D2478F69}.Release|Any CPU.Build.0 = Release|Any CPU
		{E9076F26-DF0B-4253-8809-2D55BDC04296}.Debug|Any CPU.ActiveCfg = Debug|Any CPU
		{E9076F26-DF0B-4253-8809-2D55BDC04296}.Debug|Any CPU.Build.0 = Debug|Any CPU
		{E9076F26-DF0B-4253-8809-2D55BDC04296}.Release|Any CPU.ActiveCfg = Release|Any CPU
		{E9076F26-DF0B-4253-8809-2D55BDC04296}.Release|Any CPU.Build.0 = Release|Any CPU
		{E18DC00F-B43B-4ADE-9B70-9F00CA172BB6}.Debug|Any CPU.ActiveCfg = Debug|Any CPU
		{E18DC00F-B43B-4ADE-9B70-9F00CA172BB6}.Debug|Any CPU.Build.0 = Debug|Any CPU
		{E18DC00F-B43B-4ADE-9B70-9F00CA172BB6}.Release|Any CPU.ActiveCfg = Release|Any CPU
		{E18DC00F-B43B-4ADE-9B70-9F00CA172BB6}.Release|Any CPU.Build.0 = Release|Any CPU
		{635724D0-D258-4680-A557-3E8DFF2D75C6}.Debug|Any CPU.ActiveCfg = Debug|Any CPU
		{635724D0-D258-4680-A557-3E8DFF2D75C6}.Debug|Any CPU.Build.0 = Debug|Any CPU
		{635724D0-D258-4680-A557-3E8DFF2D75C6}.Release|Any CPU.ActiveCfg = Release|Any CPU
		{635724D0-D258-4680-A557-3E8DFF2D75C6}.Release|Any CPU.Build.0 = Release|Any CPU
		{61F79E22-7A11-4DBF-A3FD-963774BE7556}.Debug|Any CPU.ActiveCfg = Debug|Any CPU
		{61F79E22-7A11-4DBF-A3FD-963774BE7556}.Debug|Any CPU.Build.0 = Debug|Any CPU
		{61F79E22-7A11-4DBF-A3FD-963774BE7556}.Release|Any CPU.ActiveCfg = Release|Any CPU
		{61F79E22-7A11-4DBF-A3FD-963774BE7556}.Release|Any CPU.Build.0 = Release|Any CPU
		{5FCFBB0A-04EB-4E0E-B025-4C0AFB9A9252}.Debug|Any CPU.ActiveCfg = Debug|Any CPU
		{5FCFBB0A-04EB-4E0E-B025-4C0AFB9A9252}.Debug|Any CPU.Build.0 = Debug|Any CPU
		{5FCFBB0A-04EB-4E0E-B025-4C0AFB9A9252}.Release|Any CPU.ActiveCfg = Release|Any CPU
		{5FCFBB0A-04EB-4E0E-B025-4C0AFB9A9252}.Release|Any CPU.Build.0 = Release|Any CPU
		{BFA91E7D-90C2-4D64-A840-23955FEB3371}.Debug|Any CPU.ActiveCfg = Debug|Any CPU
		{BFA91E7D-90C2-4D64-A840-23955FEB3371}.Debug|Any CPU.Build.0 = Debug|Any CPU
		{BFA91E7D-90C2-4D64-A840-23955FEB3371}.Release|Any CPU.ActiveCfg = Release|Any CPU
		{BFA91E7D-90C2-4D64-A840-23955FEB3371}.Release|Any CPU.Build.0 = Release|Any CPU
		{302A41F2-3077-49CA-9C47-07ED1C6F1DE0}.Debug|Any CPU.ActiveCfg = Debug|Any CPU
		{302A41F2-3077-49CA-9C47-07ED1C6F1DE0}.Debug|Any CPU.Build.0 = Debug|Any CPU
		{302A41F2-3077-49CA-9C47-07ED1C6F1DE0}.Release|Any CPU.ActiveCfg = Release|Any CPU
		{302A41F2-3077-49CA-9C47-07ED1C6F1DE0}.Release|Any CPU.Build.0 = Release|Any CPU
		{0071D9F6-A66A-47F3-A0A0-21F7A570F257}.Debug|Any CPU.ActiveCfg = Debug|Any CPU
		{0071D9F6-A66A-47F3-A0A0-21F7A570F257}.Debug|Any CPU.Build.0 = Debug|Any CPU
		{0071D9F6-A66A-47F3-A0A0-21F7A570F257}.Release|Any CPU.ActiveCfg = Release|Any CPU
		{0071D9F6-A66A-47F3-A0A0-21F7A570F257}.Release|Any CPU.Build.0 = Release|Any CPU
	EndGlobalSection
	GlobalSection(SolutionProperties) = preSolution
		HideSolutionNode = FALSE
	EndGlobalSection
	GlobalSection(ExtensibilityGlobals) = postSolution
		SolutionGuid = {3CDD398F-96E3-4D3D-A7DD-47949DD9964F}
	EndGlobalSection
EndGlobal
